PODS:
  - FastEasyMapping (1.1.2)
  - Kiwi (2.4.0)
  - MagicalRecord (2.3.2):
    - MagicalRecord/Core (= 2.3.2)
  - MagicalRecord/Core (2.3.2)
  - Realm (2.5.0):
    - Realm/Headers (= 2.5.0)
  - Realm/Headers (2.5.0)

DEPENDENCIES:
  - FastEasyMapping (from `https://github.com/Yalantis/FastEasyMapping.git`, branch `master`)
  - Kiwi (~> 2.0)
  - MagicalRecord (~> 2.3)
  - Realm (~> 2.0)

EXTERNAL SOURCES:
  FastEasyMapping:
    :branch: master
    :git: https://github.com/Yalantis/FastEasyMapping.git

CHECKOUT OPTIONS:
  FastEasyMapping:
    :commit: ceed2389582fa73769c6f9db56efb0ff1efdc49e
    :git: https://github.com/Yalantis/FastEasyMapping.git

SPEC CHECKSUMS:
  FastEasyMapping: 6f36a11a5b95a54b54c5e7a9723b01917298b5b1
  Kiwi: f49c9d54b28917df5928fe44968a39ed198cb8a8
  MagicalRecord: 53bed74b4323b930992a725be713e53b37d19755
  Realm: 62abce501668580092d2be9b6ba7324a3d5f906a

PODFILE CHECKSUM: 3cff1d3262ddee90459d48addded6015762745b6

COCOAPODS: 1.2.0
