// !$*UTF8*$!
{
	archiveVersion = 1;
	classes = {
	};
	objectVersion = 46;
	objects = {

/* Begin PBXBuildFile section */
		1D6A304460D626A229EE33E1 /* AssignmentPolicyToOneInit.json in Resources */ = {isa = PBXBuildFile; fileRef = 1D6A3B226D8E5C958A3A810B /* AssignmentPolicyToOneInit.json */; };
		1D6A30DC583D66E065BF1E19 /* AssignmentPolicyToOneNull.json in Resources */ = {isa = PBXBuildFile; fileRef = 1D6A3F3CBAED31FB56A1BACA /* AssignmentPolicyToOneNull.json */; };
		1D6A312ABA1C5814235ADF91 /* AssignmentPolicyToOneUpdate.json in Resources */ = {isa = PBXBuildFile; fileRef = 1D6A3FBBE6A00A55297E22F9 /* AssignmentPolicyToOneUpdate.json */; };
		1D6A33A75AAF19C278C15784 /* FEMAssignmentPolicyCollectionSpec.m in Sources */ = {isa = PBXBuildFile; fileRef = 1D6A3FD9EC906F05ADB303A7 /* FEMAssignmentPolicyCollectionSpec.m */; };
		1D6A3B21882F44C2845BBE57 /* Fixture.m in Sources */ = {isa = PBXBuildFile; fileRef = 1D6A31A1AF6EB00C258F7B81 /* Fixture.m */; };
		AD361BD41E9909B2009024D2 /* FastEasyMapping.framework in Frameworks */ = {isa = PBXBuildFile; fileRef = AD7DF8951E982312006888E1 /* FastEasyMapping.framework */; };
		AD361BD51E9909B2009024D2 /* Realm.framework in Frameworks */ = {isa = PBXBuildFile; fileRef = AD7DF8961E982312006888E1 /* Realm.framework */; };
		AD361BD81E9909B2009024D2 /* Kiwi.framework in Frameworks */ = {isa = PBXBuildFile; fileRef = AD361BD61E9909B2009024D2 /* Kiwi.framework */; };
		AD361BD91E9909B2009024D2 /* MagicalRecord.framework in Frameworks */ = {isa = PBXBuildFile; fileRef = AD361BD71E9909B2009024D2 /* MagicalRecord.framework */; };
		AD7DF81F1E9814EB006888E1 /* FastEasyMappingRealm.framework in Frameworks */ = {isa = PBXBuildFile; fileRef = AD7DF8161E9814EB006888E1 /* FastEasyMappingRealm.framework */; };
		AD7DF8471E98152F006888E1 /* FEMRealmAssignmentPolicy.h in Headers */ = {isa = PBXBuildFile; fileRef = AD9400D91E8BE75000558F37 /* FEMRealmAssignmentPolicy.h */; settings = {ATTRIBUTES = (Public, ); }; };
		AD7DF8481E98152F006888E1 /* FEMDeserializer+Realm.h in Headers */ = {isa = PBXBuildFile; fileRef = AD9400DE1E8BE75000558F37 /* FEMDeserializer+Realm.h */; settings = {ATTRIBUTES = (Public, ); }; };
		AD7DF8491E98152F006888E1 /* FEMObjectCache+Realm.h in Headers */ = {isa = PBXBuildFile; fileRef = AD9400E01E8BE75000558F37 /* FEMObjectCache+Realm.h */; settings = {ATTRIBUTES = (Public, ); }; };
		AD7DF84A1E98152F006888E1 /* FEMRealmStore.h in Headers */ = {isa = PBXBuildFile; fileRef = AD9400E31E8BE75000558F37 /* FEMRealmStore.h */; settings = {ATTRIBUTES = (Public, ); }; };
		AD7DF84B1E98152F006888E1 /* FastEasyMappingRealm.h in Headers */ = {isa = PBXBuildFile; fileRef = AD9400C11E8BE11A00558F37 /* FastEasyMappingRealm.h */; settings = {ATTRIBUTES = (Public, ); }; };
		AD7DF84C1E981530006888E1 /* FEMRealmAssignmentPolicy.h in Headers */ = {isa = PBXBuildFile; fileRef = AD9400D91E8BE75000558F37 /* FEMRealmAssignmentPolicy.h */; settings = {ATTRIBUTES = (Public, ); }; };
		AD7DF84D1E981530006888E1 /* FEMDeserializer+Realm.h in Headers */ = {isa = PBXBuildFile; fileRef = AD9400DE1E8BE75000558F37 /* FEMDeserializer+Realm.h */; settings = {ATTRIBUTES = (Public, ); }; };
		AD7DF84E1E981530006888E1 /* FEMObjectCache+Realm.h in Headers */ = {isa = PBXBuildFile; fileRef = AD9400E01E8BE75000558F37 /* FEMObjectCache+Realm.h */; settings = {ATTRIBUTES = (Public, ); }; };
		AD7DF84F1E981530006888E1 /* FEMRealmStore.h in Headers */ = {isa = PBXBuildFile; fileRef = AD9400E31E8BE75000558F37 /* FEMRealmStore.h */; settings = {ATTRIBUTES = (Public, ); }; };
		AD7DF8501E981530006888E1 /* FastEasyMappingRealm.h in Headers */ = {isa = PBXBuildFile; fileRef = AD9400C11E8BE11A00558F37 /* FastEasyMappingRealm.h */; settings = {ATTRIBUTES = (Public, ); }; };
		AD7DF8511E981530006888E1 /* FEMRealmAssignmentPolicy.h in Headers */ = {isa = PBXBuildFile; fileRef = AD9400D91E8BE75000558F37 /* FEMRealmAssignmentPolicy.h */; settings = {ATTRIBUTES = (Public, ); }; };
		AD7DF8521E981530006888E1 /* FEMDeserializer+Realm.h in Headers */ = {isa = PBXBuildFile; fileRef = AD9400DE1E8BE75000558F37 /* FEMDeserializer+Realm.h */; settings = {ATTRIBUTES = (Public, ); }; };
		AD7DF8531E981530006888E1 /* FEMObjectCache+Realm.h in Headers */ = {isa = PBXBuildFile; fileRef = AD9400E01E8BE75000558F37 /* FEMObjectCache+Realm.h */; settings = {ATTRIBUTES = (Public, ); }; };
		AD7DF8541E981530006888E1 /* FEMRealmStore.h in Headers */ = {isa = PBXBuildFile; fileRef = AD9400E31E8BE75000558F37 /* FEMRealmStore.h */; settings = {ATTRIBUTES = (Public, ); }; };
		AD7DF8551E981530006888E1 /* FastEasyMappingRealm.h in Headers */ = {isa = PBXBuildFile; fileRef = AD9400C11E8BE11A00558F37 /* FastEasyMappingRealm.h */; settings = {ATTRIBUTES = (Public, ); }; };
		AD7DF8561E98153C006888E1 /* FEMRealmAssignmentPolicy.m in Sources */ = {isa = PBXBuildFile; fileRef = AD9400DA1E8BE75000558F37 /* FEMRealmAssignmentPolicy.m */; };
		AD7DF8571E98153C006888E1 /* FEMDeserializer+Realm.m in Sources */ = {isa = PBXBuildFile; fileRef = AD9400DF1E8BE75000558F37 /* FEMDeserializer+Realm.m */; };
		AD7DF8581E98153C006888E1 /* FEMObjectCache+Realm.m in Sources */ = {isa = PBXBuildFile; fileRef = AD9400E11E8BE75000558F37 /* FEMObjectCache+Realm.m */; };
		AD7DF85A1E98153D006888E1 /* FEMRealmAssignmentPolicy.m in Sources */ = {isa = PBXBuildFile; fileRef = AD9400DA1E8BE75000558F37 /* FEMRealmAssignmentPolicy.m */; };
		AD7DF85B1E98153D006888E1 /* FEMDeserializer+Realm.m in Sources */ = {isa = PBXBuildFile; fileRef = AD9400DF1E8BE75000558F37 /* FEMDeserializer+Realm.m */; };
		AD7DF85C1E98153D006888E1 /* FEMObjectCache+Realm.m in Sources */ = {isa = PBXBuildFile; fileRef = AD9400E11E8BE75000558F37 /* FEMObjectCache+Realm.m */; };
		AD7DF85E1E98153D006888E1 /* FEMRealmAssignmentPolicy.m in Sources */ = {isa = PBXBuildFile; fileRef = AD9400DA1E8BE75000558F37 /* FEMRealmAssignmentPolicy.m */; };
		AD7DF85F1E98153D006888E1 /* FEMDeserializer+Realm.m in Sources */ = {isa = PBXBuildFile; fileRef = AD9400DF1E8BE75000558F37 /* FEMDeserializer+Realm.m */; };
		AD7DF8601E98153D006888E1 /* FEMObjectCache+Realm.m in Sources */ = {isa = PBXBuildFile; fileRef = AD9400E11E8BE75000558F37 /* FEMObjectCache+Realm.m */; };
		AD7DF8621E98168F006888E1 /* AssignmentPolicyToManyEmptyArray.json in Resources */ = {isa = PBXBuildFile; fileRef = AD9400F01E8BE7B100558F37 /* AssignmentPolicyToManyEmptyArray.json */; };
		AD7DF8631E98168F006888E1 /* AssignmentPolicyToManyInit.json in Resources */ = {isa = PBXBuildFile; fileRef = AD9400F11E8BE7B100558F37 /* AssignmentPolicyToManyInit.json */; };
		AD7DF8641E98168F006888E1 /* AssignmentPolicyToManyNull.json in Resources */ = {isa = PBXBuildFile; fileRef = AD9400F21E8BE7B100558F37 /* AssignmentPolicyToManyNull.json */; };
		AD7DF8651E98168F006888E1 /* AssignmentPolicyToManyUpdate.json in Resources */ = {isa = PBXBuildFile; fileRef = AD9400F31E8BE7B100558F37 /* AssignmentPolicyToManyUpdate.json */; };
		AD7DF8661E98168F006888E1 /* PrimaryKey.json in Resources */ = {isa = PBXBuildFile; fileRef = AD9400F41E8BE7B100558F37 /* PrimaryKey.json */; };
		AD7DF8671E98168F006888E1 /* SupportedNullTypes.json in Resources */ = {isa = PBXBuildFile; fileRef = AD9400F51E8BE7B100558F37 /* SupportedNullTypes.json */; };
		AD7DF8681E98168F006888E1 /* SupportedTypes.json in Resources */ = {isa = PBXBuildFile; fileRef = AD9400F61E8BE7B100558F37 /* SupportedTypes.json */; };
		AD7DF8691E98168F006888E1 /* ToManyNullRelationship.json in Resources */ = {isa = PBXBuildFile; fileRef = AD9400F71E8BE7B100558F37 /* ToManyNullRelationship.json */; };
		AD7DF86A1E98168F006888E1 /* ToManyRelationship.json in Resources */ = {isa = PBXBuildFile; fileRef = AD9400F81E8BE7B100558F37 /* ToManyRelationship.json */; };
		AD7DF86B1E98168F006888E1 /* ToOneNullRelationship.json in Resources */ = {isa = PBXBuildFile; fileRef = AD9400F91E8BE7B100558F37 /* ToOneNullRelationship.json */; };
		AD7DF86C1E98168F006888E1 /* ToOneRelationship.json in Resources */ = {isa = PBXBuildFile; fileRef = AD9400FA1E8BE7B100558F37 /* ToOneRelationship.json */; };
		AD7DF86D1E98168F006888E1 /* AssignmentPolicyToOneNull.json in Resources */ = {isa = PBXBuildFile; fileRef = 1D6A3F3CBAED31FB56A1BACA /* AssignmentPolicyToOneNull.json */; };
		AD7DF86E1E98168F006888E1 /* AssignmentPolicyToOneInit.json in Resources */ = {isa = PBXBuildFile; fileRef = 1D6A3B226D8E5C958A3A810B /* AssignmentPolicyToOneInit.json */; };
		AD7DF86F1E98168F006888E1 /* AssignmentPolicyToOneUpdate.json in Resources */ = {isa = PBXBuildFile; fileRef = 1D6A3FBBE6A00A55297E22F9 /* AssignmentPolicyToOneUpdate.json */; };
		AD7DF8701E981696006888E1 /* ChildRealmObject.m in Sources */ = {isa = PBXBuildFile; fileRef = AD9400FD1E8BE7B100558F37 /* ChildRealmObject.m */; };
		AD7DF8711E981696006888E1 /* RealmObject.m in Sources */ = {isa = PBXBuildFile; fileRef = AD9400FF1E8BE7B100558F37 /* RealmObject.m */; };
		AD7DF8721E981696006888E1 /* UniqueChildRealmObject.m in Sources */ = {isa = PBXBuildFile; fileRef = AD9401011E8BE7B100558F37 /* UniqueChildRealmObject.m */; };
		AD7DF8731E981696006888E1 /* UniqueRealmObject.m in Sources */ = {isa = PBXBuildFile; fileRef = AD9401031E8BE7B100558F37 /* UniqueRealmObject.m */; };
		AD7DF8741E981696006888E1 /* UniqueToManyChildRealmObject.m in Sources */ = {isa = PBXBuildFile; fileRef = AD9401051E8BE7B100558F37 /* UniqueToManyChildRealmObject.m */; };
		AD7DF8751E98169B006888E1 /* FEMAssignmentPolicyObjectSpec.m in Sources */ = {isa = PBXBuildFile; fileRef = AD9401071E8BE7B100558F37 /* FEMAssignmentPolicyObjectSpec.m */; };
		AD7DF8761E98169B006888E1 /* FEMDeserializerSpec.m in Sources */ = {isa = PBXBuildFile; fileRef = AD9401081E8BE7B100558F37 /* FEMDeserializerSpec.m */; };
		AD7DF8781E98169B006888E1 /* FEMAssignmentPolicyCollectionSpec.m in Sources */ = {isa = PBXBuildFile; fileRef = 1D6A3FD9EC906F05ADB303A7 /* FEMAssignmentPolicyCollectionSpec.m */; };
		AD7DF8791E9816A1006888E1 /* Fixture.m in Sources */ = {isa = PBXBuildFile; fileRef = 1D6A31A1AF6EB00C258F7B81 /* Fixture.m */; };
		AD7DF87F1E981AF3006888E1 /* FastEasyMapping.framework in Frameworks */ = {isa = PBXBuildFile; fileRef = AD7DF87B1E981ABB006888E1 /* FastEasyMapping.framework */; };
		AD7DF8801E981AF3006888E1 /* Realm.framework in Frameworks */ = {isa = PBXBuildFile; fileRef = AD7DF87C1E981ABB006888E1 /* Realm.framework */; };
		AD7DF8831E981AF3006888E1 /* Kiwi.framework in Frameworks */ = {isa = PBXBuildFile; fileRef = AD7DF8811E981AF3006888E1 /* Kiwi.framework */; };
		AD7DF8841E981AF3006888E1 /* MagicalRecord.framework in Frameworks */ = {isa = PBXBuildFile; fileRef = AD7DF8821E981AF3006888E1 /* MagicalRecord.framework */; };
		AD7DF8881E981E37006888E1 /* FastEasyMapping.framework in Frameworks */ = {isa = PBXBuildFile; fileRef = AD7DF87B1E981ABB006888E1 /* FastEasyMapping.framework */; };
		AD7DF8891E981E37006888E1 /* Realm.framework in Frameworks */ = {isa = PBXBuildFile; fileRef = AD7DF87C1E981ABB006888E1 /* Realm.framework */; };
		AD7DF8921E98229E006888E1 /* FEMRealmStore.m in Sources */ = {isa = PBXBuildFile; fileRef = AD9400E41E8BE75000558F37 /* FEMRealmStore.m */; };
		AD7DF8931E98229F006888E1 /* FEMRealmStore.m in Sources */ = {isa = PBXBuildFile; fileRef = AD9400E41E8BE75000558F37 /* FEMRealmStore.m */; };
		AD7DF8941E98229F006888E1 /* FEMRealmStore.m in Sources */ = {isa = PBXBuildFile; fileRef = AD9400E41E8BE75000558F37 /* FEMRealmStore.m */; };
		AD7DF8971E982312006888E1 /* FastEasyMapping.framework in Frameworks */ = {isa = PBXBuildFile; fileRef = AD7DF8951E982312006888E1 /* FastEasyMapping.framework */; };
		AD7DF8981E982312006888E1 /* Realm.framework in Frameworks */ = {isa = PBXBuildFile; fileRef = AD7DF8961E982312006888E1 /* Realm.framework */; };
		AD7DF89B1E982322006888E1 /* FastEasyMapping.framework in Frameworks */ = {isa = PBXBuildFile; fileRef = AD7DF8991E982322006888E1 /* FastEasyMapping.framework */; };
		AD7DF89C1E982322006888E1 /* Realm.framework in Frameworks */ = {isa = PBXBuildFile; fileRef = AD7DF89A1E982322006888E1 /* Realm.framework */; };
		AD7DF89F1E98232E006888E1 /* FastEasyMapping.framework in Frameworks */ = {isa = PBXBuildFile; fileRef = AD7DF89D1E98232E006888E1 /* FastEasyMapping.framework */; };
		AD7DF8A01E98232E006888E1 /* Realm.framework in Frameworks */ = {isa = PBXBuildFile; fileRef = AD7DF89E1E98232E006888E1 /* Realm.framework */; };
		AD8DE1491E99094F00A969B1 /* FEMRealmStoreSpeс.m in Sources */ = {isa = PBXBuildFile; fileRef = AD9401091E8BE7B100558F37 /* FEMRealmStoreSpeс.m */; };
		AD9400C81E8BE11A00558F37 /* FastEasyMappingRealm.framework in Frameworks */ = {isa = PBXBuildFile; fileRef = AD9400BE1E8BE11A00558F37 /* FastEasyMappingRealm.framework */; };
		AD9400CF1E8BE11A00558F37 /* FastEasyMappingRealm.h in Headers */ = {isa = PBXBuildFile; fileRef = AD9400C11E8BE11A00558F37 /* FastEasyMappingRealm.h */; settings = {ATTRIBUTES = (Public, ); }; };
		AD9400E51E8BE75000558F37 /* FEMRealmAssignmentPolicy.h in Headers */ = {isa = PBXBuildFile; fileRef = AD9400D91E8BE75000558F37 /* FEMRealmAssignmentPolicy.h */; settings = {ATTRIBUTES = (Public, ); }; };
		AD9400E61E8BE75000558F37 /* FEMRealmAssignmentPolicy.m in Sources */ = {isa = PBXBuildFile; fileRef = AD9400DA1E8BE75000558F37 /* FEMRealmAssignmentPolicy.m */; };
		AD9400E91E8BE75000558F37 /* FEMDeserializer+Realm.h in Headers */ = {isa = PBXBuildFile; fileRef = AD9400DE1E8BE75000558F37 /* FEMDeserializer+Realm.h */; settings = {ATTRIBUTES = (Public, ); }; };
		AD9400EA1E8BE75000558F37 /* FEMDeserializer+Realm.m in Sources */ = {isa = PBXBuildFile; fileRef = AD9400DF1E8BE75000558F37 /* FEMDeserializer+Realm.m */; };
		AD9400EB1E8BE75000558F37 /* FEMObjectCache+Realm.h in Headers */ = {isa = PBXBuildFile; fileRef = AD9400E01E8BE75000558F37 /* FEMObjectCache+Realm.h */; settings = {ATTRIBUTES = (Public, ); }; };
		AD9400EC1E8BE75000558F37 /* FEMObjectCache+Realm.m in Sources */ = {isa = PBXBuildFile; fileRef = AD9400E11E8BE75000558F37 /* FEMObjectCache+Realm.m */; };
		AD9400ED1E8BE75000558F37 /* FEMRealmStore.h in Headers */ = {isa = PBXBuildFile; fileRef = AD9400E31E8BE75000558F37 /* FEMRealmStore.h */; settings = {ATTRIBUTES = (Public, ); }; };
		AD9400EE1E8BE75000558F37 /* FEMRealmStore.m in Sources */ = {isa = PBXBuildFile; fileRef = AD9400E41E8BE75000558F37 /* FEMRealmStore.m */; };
		AD94010A1E8BE7B100558F37 /* AssignmentPolicyToManyEmptyArray.json in Resources */ = {isa = PBXBuildFile; fileRef = AD9400F01E8BE7B100558F37 /* AssignmentPolicyToManyEmptyArray.json */; };
		AD94010B1E8BE7B100558F37 /* AssignmentPolicyToManyInit.json in Resources */ = {isa = PBXBuildFile; fileRef = AD9400F11E8BE7B100558F37 /* AssignmentPolicyToManyInit.json */; };
		AD94010C1E8BE7B100558F37 /* AssignmentPolicyToManyNull.json in Resources */ = {isa = PBXBuildFile; fileRef = AD9400F21E8BE7B100558F37 /* AssignmentPolicyToManyNull.json */; };
		AD94010D1E8BE7B100558F37 /* AssignmentPolicyToManyUpdate.json in Resources */ = {isa = PBXBuildFile; fileRef = AD9400F31E8BE7B100558F37 /* AssignmentPolicyToManyUpdate.json */; };
		AD94010E1E8BE7B100558F37 /* PrimaryKey.json in Resources */ = {isa = PBXBuildFile; fileRef = AD9400F41E8BE7B100558F37 /* PrimaryKey.json */; };
		AD94010F1E8BE7B100558F37 /* SupportedNullTypes.json in Resources */ = {isa = PBXBuildFile; fileRef = AD9400F51E8BE7B100558F37 /* SupportedNullTypes.json */; };
		AD9401101E8BE7B100558F37 /* SupportedTypes.json in Resources */ = {isa = PBXBuildFile; fileRef = AD9400F61E8BE7B100558F37 /* SupportedTypes.json */; };
		AD9401111E8BE7B100558F37 /* ToManyNullRelationship.json in Resources */ = {isa = PBXBuildFile; fileRef = AD9400F71E8BE7B100558F37 /* ToManyNullRelationship.json */; };
		AD9401121E8BE7B100558F37 /* ToManyRelationship.json in Resources */ = {isa = PBXBuildFile; fileRef = AD9400F81E8BE7B100558F37 /* ToManyRelationship.json */; };
		AD9401131E8BE7B100558F37 /* ToOneNullRelationship.json in Resources */ = {isa = PBXBuildFile; fileRef = AD9400F91E8BE7B100558F37 /* ToOneNullRelationship.json */; };
		AD9401141E8BE7B100558F37 /* ToOneRelationship.json in Resources */ = {isa = PBXBuildFile; fileRef = AD9400FA1E8BE7B100558F37 /* ToOneRelationship.json */; };
		AD9401151E8BE7B100558F37 /* ChildRealmObject.m in Sources */ = {isa = PBXBuildFile; fileRef = AD9400FD1E8BE7B100558F37 /* ChildRealmObject.m */; };
		AD9401161E8BE7B100558F37 /* RealmObject.m in Sources */ = {isa = PBXBuildFile; fileRef = AD9400FF1E8BE7B100558F37 /* RealmObject.m */; };
		AD9401171E8BE7B100558F37 /* UniqueChildRealmObject.m in Sources */ = {isa = PBXBuildFile; fileRef = AD9401011E8BE7B100558F37 /* UniqueChildRealmObject.m */; };
		AD9401181E8BE7B100558F37 /* UniqueRealmObject.m in Sources */ = {isa = PBXBuildFile; fileRef = AD9401031E8BE7B100558F37 /* UniqueRealmObject.m */; };
		AD9401191E8BE7B100558F37 /* UniqueToManyChildRealmObject.m in Sources */ = {isa = PBXBuildFile; fileRef = AD9401051E8BE7B100558F37 /* UniqueToManyChildRealmObject.m */; };
		AD94011A1E8BE7B100558F37 /* FEMAssignmentPolicyObjectSpec.m in Sources */ = {isa = PBXBuildFile; fileRef = AD9401071E8BE7B100558F37 /* FEMAssignmentPolicyObjectSpec.m */; };
		AD94011B1E8BE7B100558F37 /* FEMDeserializerSpec.m in Sources */ = {isa = PBXBuildFile; fileRef = AD9401081E8BE7B100558F37 /* FEMDeserializerSpec.m */; };
		AD94011C1E8BE7B100558F37 /* FEMRealmStoreSpeс.m in Sources */ = {isa = PBXBuildFile; fileRef = AD9401091E8BE7B100558F37 /* FEMRealmStoreSpeс.m */; };
		ADE1F35C1E9A702D00F457E9 /* FastEasyMappingRealm.framework in Frameworks */ = {isa = PBXBuildFile; fileRef = AD7DF8161E9814EB006888E1 /* FastEasyMappingRealm.framework */; };
		ADE1F3671E9A70A100F457E9 /* PerformanceObject.m in Sources */ = {isa = PBXBuildFile; fileRef = ADE1F3641E9A70A100F457E9 /* PerformanceObject.m */; };
		ADE1F3681E9A70A100F457E9 /* FastEasyMappingRealmPerformanceTests.m in Sources */ = {isa = PBXBuildFile; fileRef = ADE1F3661E9A70A100F457E9 /* FastEasyMappingRealmPerformanceTests.m */; };
		ADE1F3691E9A715B00F457E9 /* FastEasyMapping.framework in Frameworks */ = {isa = PBXBuildFile; fileRef = AD7DF8951E982312006888E1 /* FastEasyMapping.framework */; };
		ADE1F36A1E9A715B00F457E9 /* Realm.framework in Frameworks */ = {isa = PBXBuildFile; fileRef = AD7DF8961E982312006888E1 /* Realm.framework */; };
/* End PBXBuildFile section */

/* Begin PBXContainerItemProxy section */
		AD7DF8201E9814EB006888E1 /* PBXContainerItemProxy */ = {
			isa = PBXContainerItemProxy;
			containerPortal = AD9400B51E8BE11A00558F37 /* Project object */;
			proxyType = 1;
			remoteGlobalIDString = AD7DF8151E9814EB006888E1;
			remoteInfo = "FastEasyMappingRealm macOS";
		};
		AD9400C91E8BE11A00558F37 /* PBXContainerItemProxy */ = {
			isa = PBXContainerItemProxy;
			containerPortal = AD9400B51E8BE11A00558F37 /* Project object */;
			proxyType = 1;
			remoteGlobalIDString = AD9400BD1E8BE11A00558F37;
			remoteInfo = FastEasyMappingRealm;
		};
		ADE1F35D1E9A702D00F457E9 /* PBXContainerItemProxy */ = {
			isa = PBXContainerItemProxy;
			containerPortal = AD9400B51E8BE11A00558F37 /* Project object */;
			proxyType = 1;
			remoteGlobalIDString = AD7DF8151E9814EB006888E1;
			remoteInfo = "FastEasyMappingRealm macOS";
		};
/* End PBXContainerItemProxy section */

/* Begin PBXFileReference section */
		1D6A31A1AF6EB00C258F7B81 /* Fixture.m */ = {isa = PBXFileReference; fileEncoding = 4; lastKnownFileType = sourcecode.c.objc; path = Fixture.m; sourceTree = "<group>"; };
		1D6A3B226D8E5C958A3A810B /* AssignmentPolicyToOneInit.json */ = {isa = PBXFileReference; fileEncoding = 4; lastKnownFileType = text.json; path = AssignmentPolicyToOneInit.json; sourceTree = "<group>"; };
		1D6A3D0333F968F2A500D33B /* Fixture.h */ = {isa = PBXFileReference; fileEncoding = 4; lastKnownFileType = sourcecode.c.h; path = Fixture.h; sourceTree = "<group>"; };
		1D6A3F3CBAED31FB56A1BACA /* AssignmentPolicyToOneNull.json */ = {isa = PBXFileReference; fileEncoding = 4; lastKnownFileType = text.json; path = AssignmentPolicyToOneNull.json; sourceTree = "<group>"; };
		1D6A3FBBE6A00A55297E22F9 /* AssignmentPolicyToOneUpdate.json */ = {isa = PBXFileReference; fileEncoding = 4; lastKnownFileType = text.json; path = AssignmentPolicyToOneUpdate.json; sourceTree = "<group>"; };
		1D6A3FD9EC906F05ADB303A7 /* FEMAssignmentPolicyCollectionSpec.m */ = {isa = PBXFileReference; fileEncoding = 4; lastKnownFileType = sourcecode.c.objc; path = FEMAssignmentPolicyCollectionSpec.m; sourceTree = "<group>"; };
		AD361BD61E9909B2009024D2 /* Kiwi.framework */ = {isa = PBXFileReference; lastKnownFileType = wrapper.framework; name = Kiwi.framework; path = Carthage/Build/Mac/Kiwi.framework; sourceTree = "<group>"; };
		AD361BD71E9909B2009024D2 /* MagicalRecord.framework */ = {isa = PBXFileReference; lastKnownFileType = wrapper.framework; name = MagicalRecord.framework; path = Carthage/Build/Mac/MagicalRecord.framework; sourceTree = "<group>"; };
		AD7DF8161E9814EB006888E1 /* FastEasyMappingRealm.framework */ = {isa = PBXFileReference; explicitFileType = wrapper.framework; includeInIndex = 0; path = FastEasyMappingRealm.framework; sourceTree = BUILT_PRODUCTS_DIR; };
		AD7DF81E1E9814EB006888E1 /* FastEasyMappingRealm macOS Tests.xctest */ = {isa = PBXFileReference; explicitFileType = wrapper.cfbundle; includeInIndex = 0; path = "FastEasyMappingRealm macOS Tests.xctest"; sourceTree = BUILT_PRODUCTS_DIR; };
		AD7DF8321E981501006888E1 /* FastEasyMappingRealm.framework */ = {isa = PBXFileReference; explicitFileType = wrapper.framework; includeInIndex = 0; path = FastEasyMappingRealm.framework; sourceTree = BUILT_PRODUCTS_DIR; };
		AD7DF83F1E981510006888E1 /* FastEasyMappingRealm.framework */ = {isa = PBXFileReference; explicitFileType = wrapper.framework; includeInIndex = 0; path = FastEasyMappingRealm.framework; sourceTree = BUILT_PRODUCTS_DIR; };
		AD7DF87B1E981ABB006888E1 /* FastEasyMapping.framework */ = {isa = PBXFileReference; lastKnownFileType = wrapper.framework; name = FastEasyMapping.framework; path = Carthage/Build/iOS/FastEasyMapping.framework; sourceTree = "<group>"; };
		AD7DF87C1E981ABB006888E1 /* Realm.framework */ = {isa = PBXFileReference; lastKnownFileType = wrapper.framework; name = Realm.framework; path = Carthage/Build/iOS/Realm.framework; sourceTree = "<group>"; };
		AD7DF8811E981AF3006888E1 /* Kiwi.framework */ = {isa = PBXFileReference; lastKnownFileType = wrapper.framework; name = Kiwi.framework; path = Carthage/Build/iOS/Kiwi.framework; sourceTree = "<group>"; };
		AD7DF8821E981AF3006888E1 /* MagicalRecord.framework */ = {isa = PBXFileReference; lastKnownFileType = wrapper.framework; name = MagicalRecord.framework; path = Carthage/Build/iOS/MagicalRecord.framework; sourceTree = "<group>"; };
		AD7DF8951E982312006888E1 /* FastEasyMapping.framework */ = {isa = PBXFileReference; lastKnownFileType = wrapper.framework; name = FastEasyMapping.framework; path = Carthage/Build/Mac/FastEasyMapping.framework; sourceTree = "<group>"; };
		AD7DF8961E982312006888E1 /* Realm.framework */ = {isa = PBXFileReference; lastKnownFileType = wrapper.framework; name = Realm.framework; path = Carthage/Build/Mac/Realm.framework; sourceTree = "<group>"; };
		AD7DF8991E982322006888E1 /* FastEasyMapping.framework */ = {isa = PBXFileReference; lastKnownFileType = wrapper.framework; name = FastEasyMapping.framework; path = Carthage/Build/tvOS/FastEasyMapping.framework; sourceTree = "<group>"; };
		AD7DF89A1E982322006888E1 /* Realm.framework */ = {isa = PBXFileReference; lastKnownFileType = wrapper.framework; name = Realm.framework; path = Carthage/Build/tvOS/Realm.framework; sourceTree = "<group>"; };
		AD7DF89D1E98232E006888E1 /* FastEasyMapping.framework */ = {isa = PBXFileReference; lastKnownFileType = wrapper.framework; name = FastEasyMapping.framework; path = Carthage/Build/watchOS/FastEasyMapping.framework; sourceTree = "<group>"; };
		AD7DF89E1E98232E006888E1 /* Realm.framework */ = {isa = PBXFileReference; lastKnownFileType = wrapper.framework; name = Realm.framework; path = Carthage/Build/watchOS/Realm.framework; sourceTree = "<group>"; };
		AD9400BE1E8BE11A00558F37 /* FastEasyMappingRealm.framework */ = {isa = PBXFileReference; explicitFileType = wrapper.framework; includeInIndex = 0; path = FastEasyMappingRealm.framework; sourceTree = BUILT_PRODUCTS_DIR; };
		AD9400C11E8BE11A00558F37 /* FastEasyMappingRealm.h */ = {isa = PBXFileReference; lastKnownFileType = sourcecode.c.h; path = FastEasyMappingRealm.h; sourceTree = "<group>"; };
		AD9400C21E8BE11A00558F37 /* Info.plist */ = {isa = PBXFileReference; lastKnownFileType = text.plist.xml; path = Info.plist; sourceTree = "<group>"; };
		AD9400C71E8BE11A00558F37 /* FastEasyMappingRealm iOS Tests.xctest */ = {isa = PBXFileReference; explicitFileType = wrapper.cfbundle; includeInIndex = 0; path = "FastEasyMappingRealm iOS Tests.xctest"; sourceTree = BUILT_PRODUCTS_DIR; };
		AD9400CE1E8BE11A00558F37 /* Info.plist */ = {isa = PBXFileReference; lastKnownFileType = text.plist.xml; path = Info.plist; sourceTree = "<group>"; };
		AD9400D91E8BE75000558F37 /* FEMRealmAssignmentPolicy.h */ = {isa = PBXFileReference; fileEncoding = 4; lastKnownFileType = sourcecode.c.h; path = FEMRealmAssignmentPolicy.h; sourceTree = "<group>"; };
		AD9400DA1E8BE75000558F37 /* FEMRealmAssignmentPolicy.m */ = {isa = PBXFileReference; fileEncoding = 4; lastKnownFileType = sourcecode.c.objc; path = FEMRealmAssignmentPolicy.m; sourceTree = "<group>"; };
		AD9400DE1E8BE75000558F37 /* FEMDeserializer+Realm.h */ = {isa = PBXFileReference; fileEncoding = 4; lastKnownFileType = sourcecode.c.h; path = "FEMDeserializer+Realm.h"; sourceTree = "<group>"; };
		AD9400DF1E8BE75000558F37 /* FEMDeserializer+Realm.m */ = {isa = PBXFileReference; fileEncoding = 4; lastKnownFileType = sourcecode.c.objc; path = "FEMDeserializer+Realm.m"; sourceTree = "<group>"; };
		AD9400E01E8BE75000558F37 /* FEMObjectCache+Realm.h */ = {isa = PBXFileReference; fileEncoding = 4; lastKnownFileType = sourcecode.c.h; path = "FEMObjectCache+Realm.h"; sourceTree = "<group>"; };
		AD9400E11E8BE75000558F37 /* FEMObjectCache+Realm.m */ = {isa = PBXFileReference; fileEncoding = 4; lastKnownFileType = sourcecode.c.objc; path = "FEMObjectCache+Realm.m"; sourceTree = "<group>"; };
		AD9400E31E8BE75000558F37 /* FEMRealmStore.h */ = {isa = PBXFileReference; fileEncoding = 4; lastKnownFileType = sourcecode.c.h; path = FEMRealmStore.h; sourceTree = "<group>"; };
		AD9400E41E8BE75000558F37 /* FEMRealmStore.m */ = {isa = PBXFileReference; fileEncoding = 4; lastKnownFileType = sourcecode.c.objc; path = FEMRealmStore.m; sourceTree = "<group>"; };
		AD9400F01E8BE7B100558F37 /* AssignmentPolicyToManyEmptyArray.json */ = {isa = PBXFileReference; fileEncoding = 4; lastKnownFileType = text.json; path = AssignmentPolicyToManyEmptyArray.json; sourceTree = "<group>"; };
		AD9400F11E8BE7B100558F37 /* AssignmentPolicyToManyInit.json */ = {isa = PBXFileReference; fileEncoding = 4; lastKnownFileType = text.json; path = AssignmentPolicyToManyInit.json; sourceTree = "<group>"; };
		AD9400F21E8BE7B100558F37 /* AssignmentPolicyToManyNull.json */ = {isa = PBXFileReference; fileEncoding = 4; lastKnownFileType = text.json; path = AssignmentPolicyToManyNull.json; sourceTree = "<group>"; };
		AD9400F31E8BE7B100558F37 /* AssignmentPolicyToManyUpdate.json */ = {isa = PBXFileReference; fileEncoding = 4; lastKnownFileType = text.json; path = AssignmentPolicyToManyUpdate.json; sourceTree = "<group>"; };
		AD9400F41E8BE7B100558F37 /* PrimaryKey.json */ = {isa = PBXFileReference; fileEncoding = 4; lastKnownFileType = text.json; path = PrimaryKey.json; sourceTree = "<group>"; };
		AD9400F51E8BE7B100558F37 /* SupportedNullTypes.json */ = {isa = PBXFileReference; fileEncoding = 4; lastKnownFileType = text.json; path = SupportedNullTypes.json; sourceTree = "<group>"; };
		AD9400F61E8BE7B100558F37 /* SupportedTypes.json */ = {isa = PBXFileReference; fileEncoding = 4; lastKnownFileType = text.json; path = SupportedTypes.json; sourceTree = "<group>"; };
		AD9400F71E8BE7B100558F37 /* ToManyNullRelationship.json */ = {isa = PBXFileReference; fileEncoding = 4; lastKnownFileType = text.json; path = ToManyNullRelationship.json; sourceTree = "<group>"; };
		AD9400F81E8BE7B100558F37 /* ToManyRelationship.json */ = {isa = PBXFileReference; fileEncoding = 4; lastKnownFileType = text.json; path = ToManyRelationship.json; sourceTree = "<group>"; };
		AD9400F91E8BE7B100558F37 /* ToOneNullRelationship.json */ = {isa = PBXFileReference; fileEncoding = 4; lastKnownFileType = text.json; path = ToOneNullRelationship.json; sourceTree = "<group>"; };
		AD9400FA1E8BE7B100558F37 /* ToOneRelationship.json */ = {isa = PBXFileReference; fileEncoding = 4; lastKnownFileType = text.json; path = ToOneRelationship.json; sourceTree = "<group>"; };
		AD9400FC1E8BE7B100558F37 /* ChildRealmObject.h */ = {isa = PBXFileReference; fileEncoding = 4; lastKnownFileType = sourcecode.c.h; path = ChildRealmObject.h; sourceTree = "<group>"; };
		AD9400FD1E8BE7B100558F37 /* ChildRealmObject.m */ = {isa = PBXFileReference; fileEncoding = 4; lastKnownFileType = sourcecode.c.objc; path = ChildRealmObject.m; sourceTree = "<group>"; };
		AD9400FE1E8BE7B100558F37 /* RealmObject.h */ = {isa = PBXFileReference; fileEncoding = 4; lastKnownFileType = sourcecode.c.h; path = RealmObject.h; sourceTree = "<group>"; };
		AD9400FF1E8BE7B100558F37 /* RealmObject.m */ = {isa = PBXFileReference; fileEncoding = 4; lastKnownFileType = sourcecode.c.objc; path = RealmObject.m; sourceTree = "<group>"; };
		AD9401001E8BE7B100558F37 /* UniqueChildRealmObject.h */ = {isa = PBXFileReference; fileEncoding = 4; lastKnownFileType = sourcecode.c.h; path = UniqueChildRealmObject.h; sourceTree = "<group>"; };
		AD9401011E8BE7B100558F37 /* UniqueChildRealmObject.m */ = {isa = PBXFileReference; fileEncoding = 4; lastKnownFileType = sourcecode.c.objc; path = UniqueChildRealmObject.m; sourceTree = "<group>"; };
		AD9401021E8BE7B100558F37 /* UniqueRealmObject.h */ = {isa = PBXFileReference; fileEncoding = 4; lastKnownFileType = sourcecode.c.h; path = UniqueRealmObject.h; sourceTree = "<group>"; };
		AD9401031E8BE7B100558F37 /* UniqueRealmObject.m */ = {isa = PBXFileReference; fileEncoding = 4; lastKnownFileType = sourcecode.c.objc; path = UniqueRealmObject.m; sourceTree = "<group>"; };
		AD9401041E8BE7B100558F37 /* UniqueToManyChildRealmObject.h */ = {isa = PBXFileReference; fileEncoding = 4; lastKnownFileType = sourcecode.c.h; path = UniqueToManyChildRealmObject.h; sourceTree = "<group>"; };
		AD9401051E8BE7B100558F37 /* UniqueToManyChildRealmObject.m */ = {isa = PBXFileReference; fileEncoding = 4; lastKnownFileType = sourcecode.c.objc; path = UniqueToManyChildRealmObject.m; sourceTree = "<group>"; };
		AD9401071E8BE7B100558F37 /* FEMAssignmentPolicyObjectSpec.m */ = {isa = PBXFileReference; fileEncoding = 4; lastKnownFileType = sourcecode.c.objc; path = FEMAssignmentPolicyObjectSpec.m; sourceTree = "<group>"; };
		AD9401081E8BE7B100558F37 /* FEMDeserializerSpec.m */ = {isa = PBXFileReference; fileEncoding = 4; lastKnownFileType = sourcecode.c.objc; path = FEMDeserializerSpec.m; sourceTree = "<group>"; };
		AD9401091E8BE7B100558F37 /* FEMRealmStoreSpeс.m */ = {isa = PBXFileReference; fileEncoding = 4; lastKnownFileType = sourcecode.c.objc; path = "FEMRealmStoreSpeс.m"; sourceTree = "<group>"; };
		ADE1F3571E9A702D00F457E9 /* Benchmark.xctest */ = {isa = PBXFileReference; explicitFileType = wrapper.cfbundle; includeInIndex = 0; path = Benchmark.xctest; sourceTree = BUILT_PRODUCTS_DIR; };
		ADE1F35B1E9A702D00F457E9 /* Info.plist */ = {isa = PBXFileReference; lastKnownFileType = text.plist.xml; path = Info.plist; sourceTree = "<group>"; };
		ADE1F3631E9A70A100F457E9 /* PerformanceObject.h */ = {isa = PBXFileReference; fileEncoding = 4; lastKnownFileType = sourcecode.c.h; path = PerformanceObject.h; sourceTree = "<group>"; };
		ADE1F3641E9A70A100F457E9 /* PerformanceObject.m */ = {isa = PBXFileReference; fileEncoding = 4; lastKnownFileType = sourcecode.c.objc; path = PerformanceObject.m; sourceTree = "<group>"; };
		ADE1F3661E9A70A100F457E9 /* FastEasyMappingRealmPerformanceTests.m */ = {isa = PBXFileReference; fileEncoding = 4; lastKnownFileType = sourcecode.c.objc; path = FastEasyMappingRealmPerformanceTests.m; sourceTree = "<group>"; };
/* End PBXFileReference section */

/* Begin PBXFrameworksBuildPhase section */
		AD7DF8121E9814EB006888E1 /* Frameworks */ = {
			isa = PBXFrameworksBuildPhase;
			buildActionMask = 2147483647;
			files = (
				AD7DF8971E982312006888E1 /* FastEasyMapping.framework in Frameworks */,
				AD7DF8981E982312006888E1 /* Realm.framework in Frameworks */,
			);
			runOnlyForDeploymentPostprocessing = 0;
		};
		AD7DF81B1E9814EB006888E1 /* Frameworks */ = {
			isa = PBXFrameworksBuildPhase;
			buildActionMask = 2147483647;
			files = (
				AD361BD81E9909B2009024D2 /* Kiwi.framework in Frameworks */,
				AD361BD91E9909B2009024D2 /* MagicalRecord.framework in Frameworks */,
				AD361BD41E9909B2009024D2 /* FastEasyMapping.framework in Frameworks */,
				AD361BD51E9909B2009024D2 /* Realm.framework in Frameworks */,
				AD7DF81F1E9814EB006888E1 /* FastEasyMappingRealm.framework in Frameworks */,
			);
			runOnlyForDeploymentPostprocessing = 0;
		};
		AD7DF82E1E981501006888E1 /* Frameworks */ = {
			isa = PBXFrameworksBuildPhase;
			buildActionMask = 2147483647;
			files = (
				AD7DF89B1E982322006888E1 /* FastEasyMapping.framework in Frameworks */,
				AD7DF89C1E982322006888E1 /* Realm.framework in Frameworks */,
			);
			runOnlyForDeploymentPostprocessing = 0;
		};
		AD7DF83B1E981510006888E1 /* Frameworks */ = {
			isa = PBXFrameworksBuildPhase;
			buildActionMask = 2147483647;
			files = (
				AD7DF89F1E98232E006888E1 /* FastEasyMapping.framework in Frameworks */,
				AD7DF8A01E98232E006888E1 /* Realm.framework in Frameworks */,
			);
			runOnlyForDeploymentPostprocessing = 0;
		};
		AD9400BA1E8BE11A00558F37 /* Frameworks */ = {
			isa = PBXFrameworksBuildPhase;
			buildActionMask = 2147483647;
			files = (
				AD7DF8881E981E37006888E1 /* FastEasyMapping.framework in Frameworks */,
				AD7DF8891E981E37006888E1 /* Realm.framework in Frameworks */,
			);
			runOnlyForDeploymentPostprocessing = 0;
		};
		AD9400C41E8BE11A00558F37 /* Frameworks */ = {
			isa = PBXFrameworksBuildPhase;
			buildActionMask = 2147483647;
			files = (
				AD7DF8831E981AF3006888E1 /* Kiwi.framework in Frameworks */,
				AD7DF8841E981AF3006888E1 /* MagicalRecord.framework in Frameworks */,
				AD7DF87F1E981AF3006888E1 /* FastEasyMapping.framework in Frameworks */,
				AD7DF8801E981AF3006888E1 /* Realm.framework in Frameworks */,
				AD9400C81E8BE11A00558F37 /* FastEasyMappingRealm.framework in Frameworks */,
			);
			runOnlyForDeploymentPostprocessing = 0;
		};
		ADE1F3541E9A702D00F457E9 /* Frameworks */ = {
			isa = PBXFrameworksBuildPhase;
			buildActionMask = 2147483647;
			files = (
				ADE1F3691E9A715B00F457E9 /* FastEasyMapping.framework in Frameworks */,
				ADE1F36A1E9A715B00F457E9 /* Realm.framework in Frameworks */,
				ADE1F35C1E9A702D00F457E9 /* FastEasyMappingRealm.framework in Frameworks */,
			);
			runOnlyForDeploymentPostprocessing = 0;
		};
/* End PBXFrameworksBuildPhase section */

/* Begin PBXGroup section */
		1D6A3A00133EFE1EAF658E05 /* Utility */ = {
			isa = PBXGroup;
			children = (
				1D6A31A1AF6EB00C258F7B81 /* Fixture.m */,
				1D6A3D0333F968F2A500D33B /* Fixture.h */,
			);
			path = Utility;
			sourceTree = "<group>";
		};
		AD7DF87A1E981ABA006888E1 /* Frameworks */ = {
			isa = PBXGroup;
			children = (
				AD361BD61E9909B2009024D2 /* Kiwi.framework */,
				AD361BD71E9909B2009024D2 /* MagicalRecord.framework */,
				AD7DF89D1E98232E006888E1 /* FastEasyMapping.framework */,
				AD7DF89E1E98232E006888E1 /* Realm.framework */,
				AD7DF8991E982322006888E1 /* FastEasyMapping.framework */,
				AD7DF89A1E982322006888E1 /* Realm.framework */,
				AD7DF8951E982312006888E1 /* FastEasyMapping.framework */,
				AD7DF8961E982312006888E1 /* Realm.framework */,
				AD7DF8811E981AF3006888E1 /* Kiwi.framework */,
				AD7DF8821E981AF3006888E1 /* MagicalRecord.framework */,
				AD7DF87B1E981ABB006888E1 /* FastEasyMapping.framework */,
				AD7DF87C1E981ABB006888E1 /* Realm.framework */,
			);
			name = Frameworks;
			sourceTree = "<group>";
		};
		AD9400B41E8BE11A00558F37 = {
			isa = PBXGroup;
			children = (
				AD9400C01E8BE11A00558F37 /* FastEasyMappingRealm */,
				AD9400CB1E8BE11A00558F37 /* FastEasyMappingRealmTests */,
				ADE1F3581E9A702D00F457E9 /* Benchmark */,
				AD9400BF1E8BE11A00558F37 /* Products */,
				AD7DF87A1E981ABA006888E1 /* Frameworks */,
			);
			sourceTree = "<group>";
		};
		AD9400BF1E8BE11A00558F37 /* Products */ = {
			isa = PBXGroup;
			children = (
				AD9400BE1E8BE11A00558F37 /* FastEasyMappingRealm.framework */,
				AD9400C71E8BE11A00558F37 /* FastEasyMappingRealm iOS Tests.xctest */,
				AD7DF8161E9814EB006888E1 /* FastEasyMappingRealm.framework */,
				AD7DF81E1E9814EB006888E1 /* FastEasyMappingRealm macOS Tests.xctest */,
				AD7DF8321E981501006888E1 /* FastEasyMappingRealm.framework */,
				AD7DF83F1E981510006888E1 /* FastEasyMappingRealm.framework */,
				ADE1F3571E9A702D00F457E9 /* Benchmark.xctest */,
			);
			name = Products;
			sourceTree = "<group>";
		};
		AD9400C01E8BE11A00558F37 /* FastEasyMappingRealm */ = {
			isa = PBXGroup;
			children = (
				AD9400D81E8BE75000558F37 /* Assignment Policy */,
				AD9400DB1E8BE75000558F37 /* Extension */,
				AD9400E21E8BE75000558F37 /* Store */,
				AD9400C11E8BE11A00558F37 /* FastEasyMappingRealm.h */,
				AD9400C21E8BE11A00558F37 /* Info.plist */,
			);
			path = FastEasyMappingRealm;
			sourceTree = "<group>";
		};
		AD9400CB1E8BE11A00558F37 /* FastEasyMappingRealmTests */ = {
			isa = PBXGroup;
			children = (
				AD9400EF1E8BE7B100558F37 /* Fixture */,
				AD9400FB1E8BE7B100558F37 /* Model */,
				AD9401061E8BE7B100558F37 /* Specs */,
				AD9400CE1E8BE11A00558F37 /* Info.plist */,
				1D6A3A00133EFE1EAF658E05 /* Utility */,
			);
			path = FastEasyMappingRealmTests;
			sourceTree = "<group>";
		};
		AD9400D81E8BE75000558F37 /* Assignment Policy */ = {
			isa = PBXGroup;
			children = (
				AD9400D91E8BE75000558F37 /* FEMRealmAssignmentPolicy.h */,
				AD9400DA1E8BE75000558F37 /* FEMRealmAssignmentPolicy.m */,
			);
			path = "Assignment Policy";
			sourceTree = "<group>";
		};
		AD9400DB1E8BE75000558F37 /* Extension */ = {
			isa = PBXGroup;
			children = (
				AD9400DE1E8BE75000558F37 /* FEMDeserializer+Realm.h */,
				AD9400DF1E8BE75000558F37 /* FEMDeserializer+Realm.m */,
				AD9400E01E8BE75000558F37 /* FEMObjectCache+Realm.h */,
				AD9400E11E8BE75000558F37 /* FEMObjectCache+Realm.m */,
			);
			path = Extension;
			sourceTree = "<group>";
		};
		AD9400E21E8BE75000558F37 /* Store */ = {
			isa = PBXGroup;
			children = (
				AD9400E31E8BE75000558F37 /* FEMRealmStore.h */,
				AD9400E41E8BE75000558F37 /* FEMRealmStore.m */,
			);
			path = Store;
			sourceTree = "<group>";
		};
		AD9400EF1E8BE7B100558F37 /* Fixture */ = {
			isa = PBXGroup;
			children = (
				AD9400F01E8BE7B100558F37 /* AssignmentPolicyToManyEmptyArray.json */,
				AD9400F11E8BE7B100558F37 /* AssignmentPolicyToManyInit.json */,
				AD9400F21E8BE7B100558F37 /* AssignmentPolicyToManyNull.json */,
				AD9400F31E8BE7B100558F37 /* AssignmentPolicyToManyUpdate.json */,
				AD9400F41E8BE7B100558F37 /* PrimaryKey.json */,
				AD9400F51E8BE7B100558F37 /* SupportedNullTypes.json */,
				AD9400F61E8BE7B100558F37 /* SupportedTypes.json */,
				AD9400F71E8BE7B100558F37 /* ToManyNullRelationship.json */,
				AD9400F81E8BE7B100558F37 /* ToManyRelationship.json */,
				AD9400F91E8BE7B100558F37 /* ToOneNullRelationship.json */,
				AD9400FA1E8BE7B100558F37 /* ToOneRelationship.json */,
				1D6A3F3CBAED31FB56A1BACA /* AssignmentPolicyToOneNull.json */,
				1D6A3B226D8E5C958A3A810B /* AssignmentPolicyToOneInit.json */,
				1D6A3FBBE6A00A55297E22F9 /* AssignmentPolicyToOneUpdate.json */,
			);
			path = Fixture;
			sourceTree = "<group>";
		};
		AD9400FB1E8BE7B100558F37 /* Model */ = {
			isa = PBXGroup;
			children = (
				AD9400FC1E8BE7B100558F37 /* ChildRealmObject.h */,
				AD9400FD1E8BE7B100558F37 /* ChildRealmObject.m */,
				AD9400FE1E8BE7B100558F37 /* RealmObject.h */,
				AD9400FF1E8BE7B100558F37 /* RealmObject.m */,
				AD9401001E8BE7B100558F37 /* UniqueChildRealmObject.h */,
				AD9401011E8BE7B100558F37 /* UniqueChildRealmObject.m */,
				AD9401021E8BE7B100558F37 /* UniqueRealmObject.h */,
				AD9401031E8BE7B100558F37 /* UniqueRealmObject.m */,
				AD9401041E8BE7B100558F37 /* UniqueToManyChildRealmObject.h */,
				AD9401051E8BE7B100558F37 /* UniqueToManyChildRealmObject.m */,
			);
			path = Model;
			sourceTree = "<group>";
		};
		AD9401061E8BE7B100558F37 /* Specs */ = {
			isa = PBXGroup;
			children = (
				AD9401071E8BE7B100558F37 /* FEMAssignmentPolicyObjectSpec.m */,
				AD9401081E8BE7B100558F37 /* FEMDeserializerSpec.m */,
				AD9401091E8BE7B100558F37 /* FEMRealmStoreSpeс.m */,
				1D6A3FD9EC906F05ADB303A7 /* FEMAssignmentPolicyCollectionSpec.m */,
			);
			path = Specs;
			sourceTree = "<group>";
		};
		ADE1F3581E9A702D00F457E9 /* Benchmark */ = {
			isa = PBXGroup;
			children = (
				ADE1F3621E9A70A100F457E9 /* Model */,
				ADE1F3651E9A70A100F457E9 /* Spec */,
				ADE1F35B1E9A702D00F457E9 /* Info.plist */,
			);
			path = Benchmark;
			sourceTree = "<group>";
		};
		ADE1F3621E9A70A100F457E9 /* Model */ = {
			isa = PBXGroup;
			children = (
				ADE1F3631E9A70A100F457E9 /* PerformanceObject.h */,
				ADE1F3641E9A70A100F457E9 /* PerformanceObject.m */,
			);
			path = Model;
			sourceTree = "<group>";
		};
		ADE1F3651E9A70A100F457E9 /* Spec */ = {
			isa = PBXGroup;
			children = (
				ADE1F3661E9A70A100F457E9 /* FastEasyMappingRealmPerformanceTests.m */,
			);
			path = Spec;
			sourceTree = "<group>";
		};
/* End PBXGroup section */

/* Begin PBXHeadersBuildPhase section */
		AD7DF8131E9814EB006888E1 /* Headers */ = {
			isa = PBXHeadersBuildPhase;
			buildActionMask = 2147483647;
			files = (
				AD7DF84B1E98152F006888E1 /* FastEasyMappingRealm.h in Headers */,
				AD7DF8481E98152F006888E1 /* FEMDeserializer+Realm.h in Headers */,
				AD7DF8491E98152F006888E1 /* FEMObjectCache+Realm.h in Headers */,
				AD7DF8471E98152F006888E1 /* FEMRealmAssignmentPolicy.h in Headers */,
				AD7DF84A1E98152F006888E1 /* FEMRealmStore.h in Headers */,
			);
			runOnlyForDeploymentPostprocessing = 0;
		};
		AD7DF82F1E981501006888E1 /* Headers */ = {
			isa = PBXHeadersBuildPhase;
			buildActionMask = 2147483647;
			files = (
				AD7DF8501E981530006888E1 /* FastEasyMappingRealm.h in Headers */,
				AD7DF84D1E981530006888E1 /* FEMDeserializer+Realm.h in Headers */,
				AD7DF84E1E981530006888E1 /* FEMObjectCache+Realm.h in Headers */,
				AD7DF84C1E981530006888E1 /* FEMRealmAssignmentPolicy.h in Headers */,
				AD7DF84F1E981530006888E1 /* FEMRealmStore.h in Headers */,
			);
			runOnlyForDeploymentPostprocessing = 0;
		};
		AD7DF83C1E981510006888E1 /* Headers */ = {
			isa = PBXHeadersBuildPhase;
			buildActionMask = 2147483647;
			files = (
				AD7DF8551E981530006888E1 /* FastEasyMappingRealm.h in Headers */,
				AD7DF8521E981530006888E1 /* FEMDeserializer+Realm.h in Headers */,
				AD7DF8531E981530006888E1 /* FEMObjectCache+Realm.h in Headers */,
				AD7DF8511E981530006888E1 /* FEMRealmAssignmentPolicy.h in Headers */,
				AD7DF8541E981530006888E1 /* FEMRealmStore.h in Headers */,
			);
			runOnlyForDeploymentPostprocessing = 0;
		};
		AD9400BB1E8BE11A00558F37 /* Headers */ = {
			isa = PBXHeadersBuildPhase;
			buildActionMask = 2147483647;
			files = (
				AD9400ED1E8BE75000558F37 /* FEMRealmStore.h in Headers */,
				AD9400E91E8BE75000558F37 /* FEMDeserializer+Realm.h in Headers */,
				AD9400E51E8BE75000558F37 /* FEMRealmAssignmentPolicy.h in Headers */,
				AD9400EB1E8BE75000558F37 /* FEMObjectCache+Realm.h in Headers */,
				AD9400CF1E8BE11A00558F37 /* FastEasyMappingRealm.h in Headers */,
			);
			runOnlyForDeploymentPostprocessing = 0;
		};
/* End PBXHeadersBuildPhase section */

/* Begin PBXNativeTarget section */
		AD7DF8151E9814EB006888E1 /* FastEasyMappingRealm macOS */ = {
			isa = PBXNativeTarget;
			buildConfigurationList = AD7DF8271E9814EB006888E1 /* Build configuration list for PBXNativeTarget "FastEasyMappingRealm macOS" */;
			buildPhases = (
				AD7DF8111E9814EB006888E1 /* Sources */,
				AD7DF8121E9814EB006888E1 /* Frameworks */,
				AD7DF8131E9814EB006888E1 /* Headers */,
				AD7DF8141E9814EB006888E1 /* Resources */,
			);
			buildRules = (
			);
			dependencies = (
			);
			name = "FastEasyMappingRealm macOS";
			productName = "FastEasyMappingRealm macOS";
			productReference = AD7DF8161E9814EB006888E1 /* FastEasyMappingRealm.framework */;
			productType = "com.apple.product-type.framework";
		};
		AD7DF81D1E9814EB006888E1 /* FastEasyMappingRealm macOS Tests */ = {
			isa = PBXNativeTarget;
			buildConfigurationList = AD7DF82A1E9814EB006888E1 /* Build configuration list for PBXNativeTarget "FastEasyMappingRealm macOS Tests" */;
			buildPhases = (
				AD7DF81A1E9814EB006888E1 /* Sources */,
				AD7DF81B1E9814EB006888E1 /* Frameworks */,
				AD7DF81C1E9814EB006888E1 /* Resources */,
				AD8DE1481E9902C000A969B1 /* Carthage */,
			);
			buildRules = (
			);
			dependencies = (
				AD7DF8211E9814EB006888E1 /* PBXTargetDependency */,
			);
			name = "FastEasyMappingRealm macOS Tests";
			productName = "FastEasyMappingRealm macOSTests";
			productReference = AD7DF81E1E9814EB006888E1 /* FastEasyMappingRealm macOS Tests.xctest */;
			productType = "com.apple.product-type.bundle.unit-test";
		};
		AD7DF8311E981501006888E1 /* FastEasyMappingRealm tvOS */ = {
			isa = PBXNativeTarget;
			buildConfigurationList = AD7DF8371E981501006888E1 /* Build configuration list for PBXNativeTarget "FastEasyMappingRealm tvOS" */;
			buildPhases = (
				AD7DF82D1E981501006888E1 /* Sources */,
				AD7DF82E1E981501006888E1 /* Frameworks */,
				AD7DF82F1E981501006888E1 /* Headers */,
				AD7DF8301E981501006888E1 /* Resources */,
			);
			buildRules = (
			);
			dependencies = (
			);
			name = "FastEasyMappingRealm tvOS";
			productName = "FastEasyMappingRealm tvOS";
			productReference = AD7DF8321E981501006888E1 /* FastEasyMappingRealm.framework */;
			productType = "com.apple.product-type.framework";
		};
		AD7DF83E1E981510006888E1 /* FastEasyMappingRealm watchOS */ = {
			isa = PBXNativeTarget;
			buildConfigurationList = AD7DF8441E981510006888E1 /* Build configuration list for PBXNativeTarget "FastEasyMappingRealm watchOS" */;
			buildPhases = (
				AD7DF83A1E981510006888E1 /* Sources */,
				AD7DF83B1E981510006888E1 /* Frameworks */,
				AD7DF83C1E981510006888E1 /* Headers */,
				AD7DF83D1E981510006888E1 /* Resources */,
			);
			buildRules = (
			);
			dependencies = (
			);
			name = "FastEasyMappingRealm watchOS";
			productName = "FastEasyMappingRealm watchOS";
			productReference = AD7DF83F1E981510006888E1 /* FastEasyMappingRealm.framework */;
			productType = "com.apple.product-type.framework";
		};
		AD9400BD1E8BE11A00558F37 /* FastEasyMappingRealm iOS */ = {
			isa = PBXNativeTarget;
			buildConfigurationList = AD9400D21E8BE11A00558F37 /* Build configuration list for PBXNativeTarget "FastEasyMappingRealm iOS" */;
			buildPhases = (
				AD9400B91E8BE11A00558F37 /* Sources */,
				AD9400BA1E8BE11A00558F37 /* Frameworks */,
				AD9400BB1E8BE11A00558F37 /* Headers */,
				AD9400BC1E8BE11A00558F37 /* Resources */,
			);
			buildRules = (
			);
			dependencies = (
			);
			name = "FastEasyMappingRealm iOS";
			productName = FastEasyMappingRealm;
			productReference = AD9400BE1E8BE11A00558F37 /* FastEasyMappingRealm.framework */;
			productType = "com.apple.product-type.framework";
		};
		AD9400C61E8BE11A00558F37 /* FastEasyMappingRealm iOS Tests */ = {
			isa = PBXNativeTarget;
			buildConfigurationList = AD9400D51E8BE11A00558F37 /* Build configuration list for PBXNativeTarget "FastEasyMappingRealm iOS Tests" */;
			buildPhases = (
				AD9400C31E8BE11A00558F37 /* Sources */,
				AD9400C41E8BE11A00558F37 /* Frameworks */,
				AD9400C51E8BE11A00558F37 /* Resources */,
				AD7DF8911E9821EE006888E1 /* Carthage */,
			);
			buildRules = (
			);
			dependencies = (
				AD9400CA1E8BE11A00558F37 /* PBXTargetDependency */,
			);
			name = "FastEasyMappingRealm iOS Tests";
			productName = FastEasyMappingRealmTests;
			productReference = AD9400C71E8BE11A00558F37 /* FastEasyMappingRealm iOS Tests.xctest */;
			productType = "com.apple.product-type.bundle.unit-test";
		};
		ADE1F3561E9A702D00F457E9 /* Benchmark */ = {
			isa = PBXNativeTarget;
			buildConfigurationList = ADE1F35F1E9A702D00F457E9 /* Build configuration list for PBXNativeTarget "Benchmark" */;
			buildPhases = (
				ADE1F3531E9A702D00F457E9 /* Sources */,
				ADE1F3541E9A702D00F457E9 /* Frameworks */,
				ADE1F3551E9A702D00F457E9 /* Resources */,
				ADE1F36B1E9A716100F457E9 /* Carthage */,
			);
			buildRules = (
			);
			dependencies = (
				ADE1F35E1E9A702D00F457E9 /* PBXTargetDependency */,
			);
			name = Benchmark;
			productName = Benchmark;
			productReference = ADE1F3571E9A702D00F457E9 /* Benchmark.xctest */;
			productType = "com.apple.product-type.bundle.unit-test";
		};
/* End PBXNativeTarget section */

/* Begin PBXProject section */
		AD9400B51E8BE11A00558F37 /* Project object */ = {
			isa = PBXProject;
			attributes = {
				LastUpgradeCheck = 0830;
				ORGANIZATIONNAME = FastEasyMapping;
				TargetAttributes = {
					AD7DF8151E9814EB006888E1 = {
						CreatedOnToolsVersion = 8.3.1;
						DevelopmentTeam = B22C3P93TG;
						ProvisioningStyle = Automatic;
					};
					AD7DF81D1E9814EB006888E1 = {
						CreatedOnToolsVersion = 8.3.1;
						DevelopmentTeam = B22C3P93TG;
						ProvisioningStyle = Automatic;
					};
					AD7DF8311E981501006888E1 = {
						CreatedOnToolsVersion = 8.3.1;
						DevelopmentTeam = B22C3P93TG;
						ProvisioningStyle = Automatic;
					};
					AD7DF83E1E981510006888E1 = {
						CreatedOnToolsVersion = 8.3.1;
						DevelopmentTeam = B22C3P93TG;
						ProvisioningStyle = Automatic;
					};
					AD9400BD1E8BE11A00558F37 = {
						CreatedOnToolsVersion = 8.3;
						DevelopmentTeam = B22C3P93TG;
						ProvisioningStyle = Automatic;
					};
					AD9400C61E8BE11A00558F37 = {
						CreatedOnToolsVersion = 8.3;
						DevelopmentTeam = B22C3P93TG;
						ProvisioningStyle = Automatic;
					};
					ADE1F3561E9A702D00F457E9 = {
						CreatedOnToolsVersion = 8.3.1;
						DevelopmentTeam = B22C3P93TG;
						ProvisioningStyle = Automatic;
					};
				};
			};
			buildConfigurationList = AD9400B81E8BE11A00558F37 /* Build configuration list for PBXProject "FastEasyMappingRealm" */;
			compatibilityVersion = "Xcode 3.2";
			developmentRegion = English;
			hasScannedForEncodings = 0;
			knownRegions = (
				en,
				Base,
			);
			mainGroup = AD9400B41E8BE11A00558F37;
			productRefGroup = AD9400BF1E8BE11A00558F37 /* Products */;
			projectDirPath = "";
			projectRoot = "";
			targets = (
				AD9400BD1E8BE11A00558F37 /* FastEasyMappingRealm iOS */,
				AD9400C61E8BE11A00558F37 /* FastEasyMappingRealm iOS Tests */,
				AD7DF8151E9814EB006888E1 /* FastEasyMappingRealm macOS */,
				AD7DF81D1E9814EB006888E1 /* FastEasyMappingRealm macOS Tests */,
				AD7DF8311E981501006888E1 /* FastEasyMappingRealm tvOS */,
				AD7DF83E1E981510006888E1 /* FastEasyMappingRealm watchOS */,
				ADE1F3561E9A702D00F457E9 /* Benchmark */,
			);
		};
/* End PBXProject section */

/* Begin PBXResourcesBuildPhase section */
		AD7DF8141E9814EB006888E1 /* Resources */ = {
			isa = PBXResourcesBuildPhase;
			buildActionMask = 2147483647;
			files = (
			);
			runOnlyForDeploymentPostprocessing = 0;
		};
		AD7DF81C1E9814EB006888E1 /* Resources */ = {
			isa = PBXResourcesBuildPhase;
			buildActionMask = 2147483647;
			files = (
				AD7DF86F1E98168F006888E1 /* AssignmentPolicyToOneUpdate.json in Resources */,
				AD7DF8691E98168F006888E1 /* ToManyNullRelationship.json in Resources */,
				AD7DF8661E98168F006888E1 /* PrimaryKey.json in Resources */,
				AD7DF8641E98168F006888E1 /* AssignmentPolicyToManyNull.json in Resources */,
				AD7DF8631E98168F006888E1 /* AssignmentPolicyToManyInit.json in Resources */,
				AD7DF86C1E98168F006888E1 /* ToOneRelationship.json in Resources */,
				AD7DF86A1E98168F006888E1 /* ToManyRelationship.json in Resources */,
				AD7DF8681E98168F006888E1 /* SupportedTypes.json in Resources */,
				AD7DF86D1E98168F006888E1 /* AssignmentPolicyToOneNull.json in Resources */,
				AD7DF86E1E98168F006888E1 /* AssignmentPolicyToOneInit.json in Resources */,
				AD7DF8621E98168F006888E1 /* AssignmentPolicyToManyEmptyArray.json in Resources */,
				AD7DF8651E98168F006888E1 /* AssignmentPolicyToManyUpdate.json in Resources */,
				AD7DF86B1E98168F006888E1 /* ToOneNullRelationship.json in Resources */,
				AD7DF8671E98168F006888E1 /* SupportedNullTypes.json in Resources */,
			);
			runOnlyForDeploymentPostprocessing = 0;
		};
		AD7DF8301E981501006888E1 /* Resources */ = {
			isa = PBXResourcesBuildPhase;
			buildActionMask = 2147483647;
			files = (
			);
			runOnlyForDeploymentPostprocessing = 0;
		};
		AD7DF83D1E981510006888E1 /* Resources */ = {
			isa = PBXResourcesBuildPhase;
			buildActionMask = 2147483647;
			files = (
			);
			runOnlyForDeploymentPostprocessing = 0;
		};
		AD9400BC1E8BE11A00558F37 /* Resources */ = {
			isa = PBXResourcesBuildPhase;
			buildActionMask = 2147483647;
			files = (
			);
			runOnlyForDeploymentPostprocessing = 0;
		};
		AD9400C51E8BE11A00558F37 /* Resources */ = {
			isa = PBXResourcesBuildPhase;
			buildActionMask = 2147483647;
			files = (
				AD9401111E8BE7B100558F37 /* ToManyNullRelationship.json in Resources */,
				AD94010E1E8BE7B100558F37 /* PrimaryKey.json in Resources */,
				AD94010C1E8BE7B100558F37 /* AssignmentPolicyToManyNull.json in Resources */,
				AD94010B1E8BE7B100558F37 /* AssignmentPolicyToManyInit.json in Resources */,
				AD9401141E8BE7B100558F37 /* ToOneRelationship.json in Resources */,
				AD9401121E8BE7B100558F37 /* ToManyRelationship.json in Resources */,
				AD9401101E8BE7B100558F37 /* SupportedTypes.json in Resources */,
				AD94010A1E8BE7B100558F37 /* AssignmentPolicyToManyEmptyArray.json in Resources */,
				AD94010D1E8BE7B100558F37 /* AssignmentPolicyToManyUpdate.json in Resources */,
				AD9401131E8BE7B100558F37 /* ToOneNullRelationship.json in Resources */,
				AD94010F1E8BE7B100558F37 /* SupportedNullTypes.json in Resources */,
				1D6A30DC583D66E065BF1E19 /* AssignmentPolicyToOneNull.json in Resources */,
				1D6A304460D626A229EE33E1 /* AssignmentPolicyToOneInit.json in Resources */,
				1D6A312ABA1C5814235ADF91 /* AssignmentPolicyToOneUpdate.json in Resources */,
			);
			runOnlyForDeploymentPostprocessing = 0;
		};
		ADE1F3551E9A702D00F457E9 /* Resources */ = {
			isa = PBXResourcesBuildPhase;
			buildActionMask = 2147483647;
			files = (
			);
			runOnlyForDeploymentPostprocessing = 0;
		};
/* End PBXResourcesBuildPhase section */

/* Begin PBXShellScriptBuildPhase section */
		AD7DF8911E9821EE006888E1 /* Carthage */ = {
			isa = PBXShellScriptBuildPhase;
			buildActionMask = 2147483647;
			files = (
			);
			inputPaths = (
				"$(CARTHAGE_BUILD)/Kiwi.framework",
				"$(CARTHAGE_BUILD)/MagicalRecord.framework",
				"$(CARTHAGE_BUILD)/Realm.framework",
				"$(CARTHAGE_BUILD)/FastEasyMapping.framework",
			);
			name = Carthage;
			outputPaths = (
			);
			runOnlyForDeploymentPostprocessing = 0;
			shellPath = /bin/sh;
			shellScript = "/usr/local/bin/carthage copy-frameworks";
		};
		AD8DE1481E9902C000A969B1 /* Carthage */ = {
			isa = PBXShellScriptBuildPhase;
			buildActionMask = 2147483647;
			files = (
			);
			inputPaths = (
				"$(CARTHAGE_BUILD)/Kiwi.framework",
				"$(CARTHAGE_BUILD)/MagicalRecord.framework",
				"$(CARTHAGE_BUILD)/Realm.framework",
				"$(CARTHAGE_BUILD)/FastEasyMapping.framework",
			);
			name = Carthage;
			outputPaths = (
			);
			runOnlyForDeploymentPostprocessing = 0;
			shellPath = /bin/sh;
			shellScript = "/usr/local/bin/carthage copy-frameworks";
		};
		ADE1F36B1E9A716100F457E9 /* Carthage */ = {
			isa = PBXShellScriptBuildPhase;
			buildActionMask = 2147483647;
			files = (
			);
			inputPaths = (
				"$(CARTHAGE_BUILD)/Realm.framework",
				"$(CARTHAGE_BUILD)/FastEasyMapping.framework",
			);
			name = Carthage;
			outputPaths = (
			);
			runOnlyForDeploymentPostprocessing = 0;
			shellPath = /bin/sh;
			shellScript = "/usr/local/bin/carthage copy-frameworks";
		};
/* End PBXShellScriptBuildPhase section */

/* Begin PBXSourcesBuildPhase section */
		AD7DF8111E9814EB006888E1 /* Sources */ = {
			isa = PBXSourcesBuildPhase;
			buildActionMask = 2147483647;
			files = (
				AD7DF8921E98229E006888E1 /* FEMRealmStore.m in Sources */,
				AD7DF8561E98153C006888E1 /* FEMRealmAssignmentPolicy.m in Sources */,
				AD7DF8571E98153C006888E1 /* FEMDeserializer+Realm.m in Sources */,
				AD7DF8581E98153C006888E1 /* FEMObjectCache+Realm.m in Sources */,
			);
			runOnlyForDeploymentPostprocessing = 0;
		};
		AD7DF81A1E9814EB006888E1 /* Sources */ = {
			isa = PBXSourcesBuildPhase;
			buildActionMask = 2147483647;
			files = (
				AD7DF8721E981696006888E1 /* UniqueChildRealmObject.m in Sources */,
				AD7DF8761E98169B006888E1 /* FEMDeserializerSpec.m in Sources */,
				AD7DF8781E98169B006888E1 /* FEMAssignmentPolicyCollectionSpec.m in Sources */,
				AD8DE1491E99094F00A969B1 /* FEMRealmStoreSpeс.m in Sources */,
				AD7DF8791E9816A1006888E1 /* Fixture.m in Sources */,
				AD7DF8751E98169B006888E1 /* FEMAssignmentPolicyObjectSpec.m in Sources */,
				AD7DF8731E981696006888E1 /* UniqueRealmObject.m in Sources */,
				AD7DF8711E981696006888E1 /* RealmObject.m in Sources */,
				AD7DF8741E981696006888E1 /* UniqueToManyChildRealmObject.m in Sources */,
				AD7DF8701E981696006888E1 /* ChildRealmObject.m in Sources */,
			);
			runOnlyForDeploymentPostprocessing = 0;
		};
		AD7DF82D1E981501006888E1 /* Sources */ = {
			isa = PBXSourcesBuildPhase;
			buildActionMask = 2147483647;
			files = (
				AD7DF8931E98229F006888E1 /* FEMRealmStore.m in Sources */,
				AD7DF85A1E98153D006888E1 /* FEMRealmAssignmentPolicy.m in Sources */,
				AD7DF85B1E98153D006888E1 /* FEMDeserializer+Realm.m in Sources */,
				AD7DF85C1E98153D006888E1 /* FEMObjectCache+Realm.m in Sources */,
			);
			runOnlyForDeploymentPostprocessing = 0;
		};
		AD7DF83A1E981510006888E1 /* Sources */ = {
			isa = PBXSourcesBuildPhase;
			buildActionMask = 2147483647;
			files = (
				AD7DF8941E98229F006888E1 /* FEMRealmStore.m in Sources */,
				AD7DF85E1E98153D006888E1 /* FEMRealmAssignmentPolicy.m in Sources */,
				AD7DF85F1E98153D006888E1 /* FEMDeserializer+Realm.m in Sources */,
				AD7DF8601E98153D006888E1 /* FEMObjectCache+Realm.m in Sources */,
			);
			runOnlyForDeploymentPostprocessing = 0;
		};
		AD9400B91E8BE11A00558F37 /* Sources */ = {
			isa = PBXSourcesBuildPhase;
			buildActionMask = 2147483647;
			files = (
				AD9400EE1E8BE75000558F37 /* FEMRealmStore.m in Sources */,
				AD9400EC1E8BE75000558F37 /* FEMObjectCache+Realm.m in Sources */,
				AD9400E61E8BE75000558F37 /* FEMRealmAssignmentPolicy.m in Sources */,
				AD9400EA1E8BE75000558F37 /* FEMDeserializer+Realm.m in Sources */,
			);
			runOnlyForDeploymentPostprocessing = 0;
		};
		AD9400C31E8BE11A00558F37 /* Sources */ = {
			isa = PBXSourcesBuildPhase;
			buildActionMask = 2147483647;
			files = (
				AD94011C1E8BE7B100558F37 /* FEMRealmStoreSpeс.m in Sources */,
				AD9401181E8BE7B100558F37 /* UniqueRealmObject.m in Sources */,
				AD94011A1E8BE7B100558F37 /* FEMAssignmentPolicyObjectSpec.m in Sources */,
				AD9401191E8BE7B100558F37 /* UniqueToManyChildRealmObject.m in Sources */,
				AD9401151E8BE7B100558F37 /* ChildRealmObject.m in Sources */,
				AD9401171E8BE7B100558F37 /* UniqueChildRealmObject.m in Sources */,
				AD94011B1E8BE7B100558F37 /* FEMDeserializerSpec.m in Sources */,
				AD9401161E8BE7B100558F37 /* RealmObject.m in Sources */,
				1D6A3B21882F44C2845BBE57 /* Fixture.m in Sources */,
				1D6A33A75AAF19C278C15784 /* FEMAssignmentPolicyCollectionSpec.m in Sources */,
			);
			runOnlyForDeploymentPostprocessing = 0;
		};
		ADE1F3531E9A702D00F457E9 /* Sources */ = {
			isa = PBXSourcesBuildPhase;
			buildActionMask = 2147483647;
			files = (
				ADE1F3681E9A70A100F457E9 /* FastEasyMappingRealmPerformanceTests.m in Sources */,
				ADE1F3671E9A70A100F457E9 /* PerformanceObject.m in Sources */,
			);
			runOnlyForDeploymentPostprocessing = 0;
		};
/* End PBXSourcesBuildPhase section */

/* Begin PBXTargetDependency section */
		AD7DF8211E9814EB006888E1 /* PBXTargetDependency */ = {
			isa = PBXTargetDependency;
			target = AD7DF8151E9814EB006888E1 /* FastEasyMappingRealm macOS */;
			targetProxy = AD7DF8201E9814EB006888E1 /* PBXContainerItemProxy */;
		};
		AD9400CA1E8BE11A00558F37 /* PBXTargetDependency */ = {
			isa = PBXTargetDependency;
			target = AD9400BD1E8BE11A00558F37 /* FastEasyMappingRealm iOS */;
			targetProxy = AD9400C91E8BE11A00558F37 /* PBXContainerItemProxy */;
		};
		ADE1F35E1E9A702D00F457E9 /* PBXTargetDependency */ = {
			isa = PBXTargetDependency;
			target = AD7DF8151E9814EB006888E1 /* FastEasyMappingRealm macOS */;
			targetProxy = ADE1F35D1E9A702D00F457E9 /* PBXContainerItemProxy */;
		};
/* End PBXTargetDependency section */

/* Begin XCBuildConfiguration section */
		AD7DF8281E9814EB006888E1 /* Debug */ = {
			isa = XCBuildConfiguration;
			buildSettings = {
				CODE_SIGN_IDENTITY = "-";
				COMBINE_HIDPI_IMAGES = YES;
				DEFINES_MODULE = YES;
				DEVELOPMENT_TEAM = B22C3P93TG;
				DYLIB_COMPATIBILITY_VERSION = 1;
				DYLIB_CURRENT_VERSION = 1;
				DYLIB_INSTALL_NAME_BASE = "@rpath";
				FRAMEWORK_SEARCH_PATHS = (
					"$(inherited)",
					"$(PROJECT_DIR)/Carthage/Build/Mac",
				);
				FRAMEWORK_VERSION = A;
				INFOPLIST_FILE = FastEasyMappingRealm/Info.plist;
				INSTALL_PATH = "$(LOCAL_LIBRARY_DIR)/Frameworks";
				LD_RUNPATH_SEARCH_PATHS = "$(inherited) @executable_path/../Frameworks @loader_path/Frameworks";
				SDKROOT = macosx;
				SKIP_INSTALL = YES;
			};
			name = Debug;
		};
		AD7DF8291E9814EB006888E1 /* Release */ = {
			isa = XCBuildConfiguration;
			buildSettings = {
				CODE_SIGN_IDENTITY = "-";
				COMBINE_HIDPI_IMAGES = YES;
				DEFINES_MODULE = YES;
				DEVELOPMENT_TEAM = B22C3P93TG;
				DYLIB_COMPATIBILITY_VERSION = 1;
				DYLIB_CURRENT_VERSION = 1;
				DYLIB_INSTALL_NAME_BASE = "@rpath";
				FRAMEWORK_SEARCH_PATHS = (
					"$(inherited)",
					"$(PROJECT_DIR)/Carthage/Build/Mac",
				);
				FRAMEWORK_VERSION = A;
				INFOPLIST_FILE = FastEasyMappingRealm/Info.plist;
				INSTALL_PATH = "$(LOCAL_LIBRARY_DIR)/Frameworks";
				LD_RUNPATH_SEARCH_PATHS = "$(inherited) @executable_path/../Frameworks @loader_path/Frameworks";
				SDKROOT = macosx;
				SKIP_INSTALL = YES;
			};
			name = Release;
		};
		AD7DF82B1E9814EB006888E1 /* Debug */ = {
			isa = XCBuildConfiguration;
			buildSettings = {
				CARTHAGE_BUILD = "$(CARTHAGE_BUILD)/Mac";
				CODE_SIGN_IDENTITY = "-";
				COMBINE_HIDPI_IMAGES = YES;
				DEVELOPMENT_TEAM = B22C3P93TG;
				FRAMEWORK_SEARCH_PATHS = (
					"$(inherited)",
					"$(PROJECT_DIR)/Carthage/Build/Mac",
				);
				INFOPLIST_FILE = FastEasyMappingRealm/Info.plist;
				LD_RUNPATH_SEARCH_PATHS = "$(inherited) @executable_path/../Frameworks @loader_path/../Frameworks";
				PRODUCT_BUNDLE_IDENTIFIER = "com.FastEasyMapping.FastEasyMappingRealm-macOSTests";
				PRODUCT_NAME = "$(TARGET_NAME)";
				SDKROOT = macosx;
			};
			name = Debug;
		};
		AD7DF82C1E9814EB006888E1 /* Release */ = {
			isa = XCBuildConfiguration;
			buildSettings = {
				CARTHAGE_BUILD = "$(CARTHAGE_BUILD)/Mac";
				CODE_SIGN_IDENTITY = "-";
				COMBINE_HIDPI_IMAGES = YES;
				DEVELOPMENT_TEAM = B22C3P93TG;
				FRAMEWORK_SEARCH_PATHS = (
					"$(inherited)",
					"$(PROJECT_DIR)/Carthage/Build/Mac",
				);
				INFOPLIST_FILE = FastEasyMappingRealm/Info.plist;
				LD_RUNPATH_SEARCH_PATHS = "$(inherited) @executable_path/../Frameworks @loader_path/../Frameworks";
				PRODUCT_BUNDLE_IDENTIFIER = "com.FastEasyMapping.FastEasyMappingRealm-macOSTests";
				PRODUCT_NAME = "$(TARGET_NAME)";
				SDKROOT = macosx;
			};
			name = Release;
		};
		AD7DF8381E981501006888E1 /* Debug */ = {
			isa = XCBuildConfiguration;
			buildSettings = {
				CODE_SIGN_IDENTITY = "";
				DEFINES_MODULE = YES;
				DEVELOPMENT_TEAM = B22C3P93TG;
				DYLIB_COMPATIBILITY_VERSION = 1;
				DYLIB_CURRENT_VERSION = 1;
				DYLIB_INSTALL_NAME_BASE = "@rpath";
				FRAMEWORK_SEARCH_PATHS = (
					"$(inherited)",
					"$(PROJECT_DIR)/Carthage/Build/tvOS",
				);
				INFOPLIST_FILE = FastEasyMappingRealm/Info.plist;
				INSTALL_PATH = "$(LOCAL_LIBRARY_DIR)/Frameworks";
				LD_RUNPATH_SEARCH_PATHS = "$(inherited) @executable_path/Frameworks @loader_path/Frameworks";
				SDKROOT = appletvos;
				SKIP_INSTALL = YES;
				TARGETED_DEVICE_FAMILY = 3;
			};
			name = Debug;
		};
		AD7DF8391E981501006888E1 /* Release */ = {
			isa = XCBuildConfiguration;
			buildSettings = {
				CODE_SIGN_IDENTITY = "";
				DEFINES_MODULE = YES;
				DEVELOPMENT_TEAM = B22C3P93TG;
				DYLIB_COMPATIBILITY_VERSION = 1;
				DYLIB_CURRENT_VERSION = 1;
				DYLIB_INSTALL_NAME_BASE = "@rpath";
				FRAMEWORK_SEARCH_PATHS = (
					"$(inherited)",
					"$(PROJECT_DIR)/Carthage/Build/tvOS",
				);
				INFOPLIST_FILE = FastEasyMappingRealm/Info.plist;
				INSTALL_PATH = "$(LOCAL_LIBRARY_DIR)/Frameworks";
				LD_RUNPATH_SEARCH_PATHS = "$(inherited) @executable_path/Frameworks @loader_path/Frameworks";
				SDKROOT = appletvos;
				SKIP_INSTALL = YES;
				TARGETED_DEVICE_FAMILY = 3;
			};
			name = Release;
		};
		AD7DF8451E981510006888E1 /* Debug */ = {
			isa = XCBuildConfiguration;
			buildSettings = {
				APPLICATION_EXTENSION_API_ONLY = YES;
				CODE_SIGN_IDENTITY = "";
				DEFINES_MODULE = YES;
				DEVELOPMENT_TEAM = B22C3P93TG;
				DYLIB_COMPATIBILITY_VERSION = 1;
				DYLIB_CURRENT_VERSION = 1;
				DYLIB_INSTALL_NAME_BASE = "@rpath";
				FRAMEWORK_SEARCH_PATHS = (
					"$(inherited)",
					"$(PROJECT_DIR)/Carthage/Build/watchOS",
				);
				INFOPLIST_FILE = FastEasyMappingRealm/Info.plist;
				INSTALL_PATH = "$(LOCAL_LIBRARY_DIR)/Frameworks";
				LD_RUNPATH_SEARCH_PATHS = "$(inherited) @executable_path/Frameworks @loader_path/Frameworks";
				SDKROOT = watchos;
				SKIP_INSTALL = YES;
				TARGETED_DEVICE_FAMILY = 4;
			};
			name = Debug;
		};
		AD7DF8461E981510006888E1 /* Release */ = {
			isa = XCBuildConfiguration;
			buildSettings = {
				APPLICATION_EXTENSION_API_ONLY = YES;
				CODE_SIGN_IDENTITY = "";
				DEFINES_MODULE = YES;
				DEVELOPMENT_TEAM = B22C3P93TG;
				DYLIB_COMPATIBILITY_VERSION = 1;
				DYLIB_CURRENT_VERSION = 1;
				DYLIB_INSTALL_NAME_BASE = "@rpath";
				FRAMEWORK_SEARCH_PATHS = (
					"$(inherited)",
					"$(PROJECT_DIR)/Carthage/Build/watchOS",
				);
				INFOPLIST_FILE = FastEasyMappingRealm/Info.plist;
				INSTALL_PATH = "$(LOCAL_LIBRARY_DIR)/Frameworks";
				LD_RUNPATH_SEARCH_PATHS = "$(inherited) @executable_path/Frameworks @loader_path/Frameworks";
				SDKROOT = watchos;
				SKIP_INSTALL = YES;
				TARGETED_DEVICE_FAMILY = 4;
			};
			name = Release;
		};
		AD9400D01E8BE11A00558F37 /* Debug */ = {
			isa = XCBuildConfiguration;
			buildSettings = {
				ALWAYS_SEARCH_USER_PATHS = NO;
				CARTHAGE_BUILD = "$(SRCROOT)/Carthage/Build/";
				CLANG_ANALYZER_NONNULL = YES;
				CLANG_ANALYZER_NUMBER_OBJECT_CONVERSION = YES_AGGRESSIVE;
				CLANG_CXX_LANGUAGE_STANDARD = "gnu++0x";
				CLANG_CXX_LIBRARY = "libc++";
				CLANG_ENABLE_MODULES = YES;
				CLANG_ENABLE_OBJC_ARC = YES;
				CLANG_WARN_BOOL_CONVERSION = YES;
				CLANG_WARN_CONSTANT_CONVERSION = YES;
				CLANG_WARN_DIRECT_OBJC_ISA_USAGE = YES_ERROR;
				CLANG_WARN_DOCUMENTATION_COMMENTS = YES;
				CLANG_WARN_EMPTY_BODY = YES;
				CLANG_WARN_ENUM_CONVERSION = YES;
				CLANG_WARN_INFINITE_RECURSION = YES;
				CLANG_WARN_INT_CONVERSION = YES;
				CLANG_WARN_OBJC_ROOT_CLASS = YES_ERROR;
				CLANG_WARN_SUSPICIOUS_MOVE = YES;
				CLANG_WARN_UNREACHABLE_CODE = YES;
				CLANG_WARN__DUPLICATE_METHOD_MATCH = YES;
				"CODE_SIGN_IDENTITY[sdk=iphoneos*]" = "iPhone Developer";
				COPY_PHASE_STRIP = NO;
				CURRENT_PROJECT_VERSION = 1;
				DEBUG_INFORMATION_FORMAT = dwarf;
				ENABLE_STRICT_OBJC_MSGSEND = YES;
				ENABLE_TESTABILITY = YES;
				GCC_C_LANGUAGE_STANDARD = gnu99;
				GCC_DYNAMIC_NO_PIC = NO;
				GCC_NO_COMMON_BLOCKS = YES;
				GCC_OPTIMIZATION_LEVEL = 0;
				GCC_PREPROCESSOR_DEFINITIONS = (
					"DEBUG=1",
					"$(inherited)",
				);
				GCC_WARN_64_TO_32_BIT_CONVERSION = YES;
				GCC_WARN_ABOUT_RETURN_TYPE = YES_ERROR;
				GCC_WARN_UNDECLARED_SELECTOR = YES;
				GCC_WARN_UNINITIALIZED_AUTOS = YES_AGGRESSIVE;
				GCC_WARN_UNUSED_FUNCTION = YES;
				GCC_WARN_UNUSED_VARIABLE = YES;
				IPHONEOS_DEPLOYMENT_TARGET = 8.0;
				MACOSX_DEPLOYMENT_TARGET = 10.10;
				MTL_ENABLE_DEBUG_INFO = YES;
				ONLY_ACTIVE_ARCH = YES;
				PRODUCT_BUNDLE_IDENTIFIER = com.FastEasyMapping.Realm;
				PRODUCT_NAME = FastEasyMappingRealm;
				SDKROOT = iphoneos;
				TARGETED_DEVICE_FAMILY = "1,2";
				TVOS_DEPLOYMENT_TARGET = 9.0;
				VERSIONING_SYSTEM = "apple-generic";
				VERSION_INFO_PREFIX = "";
				WATCHOS_DEPLOYMENT_TARGET = 2.0;
			};
			name = Debug;
		};
		AD9400D11E8BE11A00558F37 /* Release */ = {
			isa = XCBuildConfiguration;
			buildSettings = {
				ALWAYS_SEARCH_USER_PATHS = NO;
				CARTHAGE_BUILD = "$(SRCROOT)/Carthage/Build/";
				CLANG_ANALYZER_NONNULL = YES;
				CLANG_ANALYZER_NUMBER_OBJECT_CONVERSION = YES_AGGRESSIVE;
				CLANG_CXX_LANGUAGE_STANDARD = "gnu++0x";
				CLANG_CXX_LIBRARY = "libc++";
				CLANG_ENABLE_MODULES = YES;
				CLANG_ENABLE_OBJC_ARC = YES;
				CLANG_WARN_BOOL_CONVERSION = YES;
				CLANG_WARN_CONSTANT_CONVERSION = YES;
				CLANG_WARN_DIRECT_OBJC_ISA_USAGE = YES_ERROR;
				CLANG_WARN_DOCUMENTATION_COMMENTS = YES;
				CLANG_WARN_EMPTY_BODY = YES;
				CLANG_WARN_ENUM_CONVERSION = YES;
				CLANG_WARN_INFINITE_RECURSION = YES;
				CLANG_WARN_INT_CONVERSION = YES;
				CLANG_WARN_OBJC_ROOT_CLASS = YES_ERROR;
				CLANG_WARN_SUSPICIOUS_MOVE = YES;
				CLANG_WARN_UNREACHABLE_CODE = YES;
				CLANG_WARN__DUPLICATE_METHOD_MATCH = YES;
				"CODE_SIGN_IDENTITY[sdk=iphoneos*]" = "iPhone Developer";
				COPY_PHASE_STRIP = NO;
				CURRENT_PROJECT_VERSION = 1;
				DEBUG_INFORMATION_FORMAT = "dwarf-with-dsym";
				ENABLE_NS_ASSERTIONS = NO;
				ENABLE_STRICT_OBJC_MSGSEND = YES;
				GCC_C_LANGUAGE_STANDARD = gnu99;
				GCC_NO_COMMON_BLOCKS = YES;
				GCC_WARN_64_TO_32_BIT_CONVERSION = YES;
				GCC_WARN_ABOUT_RETURN_TYPE = YES_ERROR;
				GCC_WARN_UNDECLARED_SELECTOR = YES;
				GCC_WARN_UNINITIALIZED_AUTOS = YES_AGGRESSIVE;
				GCC_WARN_UNUSED_FUNCTION = YES;
				GCC_WARN_UNUSED_VARIABLE = YES;
				IPHONEOS_DEPLOYMENT_TARGET = 8.0;
				MACOSX_DEPLOYMENT_TARGET = 10.10;
				MTL_ENABLE_DEBUG_INFO = NO;
				PRODUCT_BUNDLE_IDENTIFIER = com.FastEasyMapping.Realm;
				PRODUCT_NAME = FastEasyMappingRealm;
				SDKROOT = iphoneos;
				TARGETED_DEVICE_FAMILY = "1,2";
				TVOS_DEPLOYMENT_TARGET = 9.0;
				VALIDATE_PRODUCT = YES;
				VERSIONING_SYSTEM = "apple-generic";
				VERSION_INFO_PREFIX = "";
				WATCHOS_DEPLOYMENT_TARGET = 2.0;
			};
			name = Release;
		};
		AD9400D31E8BE11A00558F37 /* Debug */ = {
			isa = XCBuildConfiguration;
			buildSettings = {
				CARTHAGE_BUILD = "$(CARTHAGE_BUILD)/iOS/";
				"CODE_SIGN_IDENTITY[sdk=iphoneos*]" = "";
				DEFINES_MODULE = YES;
				DEVELOPMENT_TEAM = B22C3P93TG;
				DYLIB_COMPATIBILITY_VERSION = 1;
				DYLIB_CURRENT_VERSION = 1;
				DYLIB_INSTALL_NAME_BASE = "@rpath";
				FRAMEWORK_SEARCH_PATHS = (
					"$(inherited)",
					"$(PROJECT_DIR)/Carthage/Build/iOS",
				);
				INFOPLIST_FILE = FastEasyMappingRealm/Info.plist;
				INSTALL_PATH = "$(LOCAL_LIBRARY_DIR)/Frameworks";
				LD_RUNPATH_SEARCH_PATHS = "$(inherited) @executable_path/Frameworks @loader_path/Frameworks";
				SKIP_INSTALL = YES;
			};
			name = Debug;
		};
		AD9400D41E8BE11A00558F37 /* Release */ = {
			isa = XCBuildConfiguration;
			buildSettings = {
				CARTHAGE_BUILD = "$(CARTHAGE_BUILD)/iOS/";
				"CODE_SIGN_IDENTITY[sdk=iphoneos*]" = "";
				DEFINES_MODULE = YES;
				DEVELOPMENT_TEAM = B22C3P93TG;
				DYLIB_COMPATIBILITY_VERSION = 1;
				DYLIB_CURRENT_VERSION = 1;
				DYLIB_INSTALL_NAME_BASE = "@rpath";
				FRAMEWORK_SEARCH_PATHS = (
					"$(inherited)",
					"$(PROJECT_DIR)/Carthage/Build/iOS",
				);
				INFOPLIST_FILE = FastEasyMappingRealm/Info.plist;
				INSTALL_PATH = "$(LOCAL_LIBRARY_DIR)/Frameworks";
				LD_RUNPATH_SEARCH_PATHS = "$(inherited) @executable_path/Frameworks @loader_path/Frameworks";
				SKIP_INSTALL = YES;
			};
			name = Release;
		};
		AD9400D61E8BE11A00558F37 /* Debug */ = {
			isa = XCBuildConfiguration;
			buildSettings = {
				CARTHAGE_BUILD = "$(CARTHAGE_BUILD)/iOS";
				DEVELOPMENT_TEAM = B22C3P93TG;
				FRAMEWORK_SEARCH_PATHS = (
					"$(inherited)",
					"$(PROJECT_DIR)/Carthage/Build/iOS",
				);
				INFOPLIST_FILE = FastEasyMappingRealmTests/Info.plist;
				LD_RUNPATH_SEARCH_PATHS = "$(inherited) @executable_path/Frameworks @loader_path/Frameworks";
				PRODUCT_BUNDLE_IDENTIFIER = com.FastEasyMapping.FastEasyMappingRealmTests;
				PRODUCT_NAME = "$(TARGET_NAME)";
			};
			name = Debug;
		};
		AD9400D71E8BE11A00558F37 /* Release */ = {
			isa = XCBuildConfiguration;
			buildSettings = {
				CARTHAGE_BUILD = "$(CARTHAGE_BUILD)/iOS";
				DEVELOPMENT_TEAM = B22C3P93TG;
				FRAMEWORK_SEARCH_PATHS = (
					"$(inherited)",
					"$(PROJECT_DIR)/Carthage/Build/iOS",
				);
				INFOPLIST_FILE = FastEasyMappingRealmTests/Info.plist;
				LD_RUNPATH_SEARCH_PATHS = "$(inherited) @executable_path/Frameworks @loader_path/Frameworks";
				PRODUCT_BUNDLE_IDENTIFIER = com.FastEasyMapping.FastEasyMappingRealmTests;
				PRODUCT_NAME = "$(TARGET_NAME)";
			};
			name = Release;
		};
		ADE1F3601E9A702D00F457E9 /* Debug */ = {
			isa = XCBuildConfiguration;
			buildSettings = {
				CARTHAGE_BUILD = "$(CARTHAGE_BUILD)/Mac";
				CODE_SIGN_IDENTITY = "-";
				COMBINE_HIDPI_IMAGES = YES;
				DEVELOPMENT_TEAM = B22C3P93TG;
				FRAMEWORK_SEARCH_PATHS = (
					"$(inherited)",
					"$(PROJECT_DIR)/Carthage/Build/Mac",
				);
				INFOPLIST_FILE = Benchmark/Info.plist;
				LD_RUNPATH_SEARCH_PATHS = "$(inherited) @executable_path/../Frameworks @loader_path/../Frameworks";
				MACOSX_DEPLOYMENT_TARGET = 10.12;
				PRODUCT_BUNDLE_IDENTIFIER = com.FastEasyMapping.Benchmark;
				PRODUCT_NAME = "$(TARGET_NAME)";
				SDKROOT = macosx;
			};
			name = Debug;
		};
		ADE1F3611E9A702D00F457E9 /* Release */ = {
			isa = XCBuildConfiguration;
			buildSettings = {
				CARTHAGE_BUILD = "$(CARTHAGE_BUILD)/Mac";
				CODE_SIGN_IDENTITY = "-";
				COMBINE_HIDPI_IMAGES = YES;
				DEVELOPMENT_TEAM = B22C3P93TG;
				FRAMEWORK_SEARCH_PATHS = (
					"$(inherited)",
					"$(PROJECT_DIR)/Carthage/Build/Mac",
				);
				INFOPLIST_FILE = Benchmark/Info.plist;
				LD_RUNPATH_SEARCH_PATHS = "$(inherited) @executable_path/../Frameworks @loader_path/../Frameworks";
				MACOSX_DEPLOYMENT_TARGET = 10.12;
				PRODUCT_BUNDLE_IDENTIFIER = com.FastEasyMapping.Benchmark;
				PRODUCT_NAME = "$(TARGET_NAME)";
				SDKROOT = macosx;
			};
			name = Release;
		};
/* End XCBuildConfiguration section */

/* Begin XCConfigurationList section */
		AD7DF8271E9814EB006888E1 /* Build configuration list for PBXNativeTarget "FastEasyMappingRealm macOS" */ = {
			isa = XCConfigurationList;
			buildConfigurations = (
				AD7DF8281E9814EB006888E1 /* Debug */,
				AD7DF8291E9814EB006888E1 /* Release */,
			);
			defaultConfigurationIsVisible = 0;
			defaultConfigurationName = Release;
		};
		AD7DF82A1E9814EB006888E1 /* Build configuration list for PBXNativeTarget "FastEasyMappingRealm macOS Tests" */ = {
			isa = XCConfigurationList;
			buildConfigurations = (
				AD7DF82B1E9814EB006888E1 /* Debug */,
				AD7DF82C1E9814EB006888E1 /* Release */,
			);
			defaultConfigurationIsVisible = 0;
			defaultConfigurationName = Release;
		};
		AD7DF8371E981501006888E1 /* Build configuration list for PBXNativeTarget "FastEasyMappingRealm tvOS" */ = {
			isa = XCConfigurationList;
			buildConfigurations = (
				AD7DF8381E981501006888E1 /* Debug */,
				AD7DF8391E981501006888E1 /* Release */,
			);
			defaultConfigurationIsVisible = 0;
			defaultConfigurationName = Release;
		};
		AD7DF8441E981510006888E1 /* Build configuration list for PBXNativeTarget "FastEasyMappingRealm watchOS" */ = {
			isa = XCConfigurationList;
			buildConfigurations = (
				AD7DF8451E981510006888E1 /* Debug */,
				AD7DF8461E981510006888E1 /* Release */,
			);
			defaultConfigurationIsVisible = 0;
			defaultConfigurationName = Release;
		};
		AD9400B81E8BE11A00558F37 /* Build configuration list for PBXProject "FastEasyMappingRealm" */ = {
			isa = XCConfigurationList;
			buildConfigurations = (
				AD9400D01E8BE11A00558F37 /* Debug */,
				AD9400D11E8BE11A00558F37 /* Release */,
			);
			defaultConfigurationIsVisible = 0;
			defaultConfigurationName = Release;
		};
		AD9400D21E8BE11A00558F37 /* Build configuration list for PBXNativeTarget "FastEasyMappingRealm iOS" */ = {
			isa = XCConfigurationList;
			buildConfigurations = (
				AD9400D31E8BE11A00558F37 /* Debug */,
				AD9400D41E8BE11A00558F37 /* Release */,
			);
			defaultConfigurationIsVisible = 0;
			defaultConfigurationName = Release;
		};
		AD9400D51E8BE11A00558F37 /* Build configuration list for PBXNativeTarget "FastEasyMappingRealm iOS Tests" */ = {
			isa = XCConfigurationList;
			buildConfigurations = (
				AD9400D61E8BE11A00558F37 /* Debug */,
				AD9400D71E8BE11A00558F37 /* Release */,
			);
			defaultConfigurationIsVisible = 0;
			defaultConfigurationName = Release;
		};
		ADE1F35F1E9A702D00F457E9 /* Build configuration list for PBXNativeTarget "Benchmark" */ = {
			isa = XCConfigurationList;
			buildConfigurations = (
				ADE1F3601E9A702D00F457E9 /* Debug */,
				ADE1F3611E9A702D00F457E9 /* Release */,
			);
			defaultConfigurationIsVisible = 0;
		};
/* End XCConfigurationList section */
	};
	rootObject = AD9400B51E8BE11A00558F37 /* Project object */;
}
